// !$*UTF8*$!
{
	archiveVersion = 1;
	classes = {
	};
	objectVersion = 46;
	objects = {

/* Begin PBXBuildFile section */
		1B57171217A812B300B96393 /* Security.framework in Frameworks */ = {isa = PBXBuildFile; fileRef = 1B57171117A812B300B96393 /* Security.framework */; };
		2278DFC4133FD70000EE5829 /* ZipKit.framework in Frameworks */ = {isa = PBXBuildFile; fileRef = 8EDC4077133F650800D0A101 /* ZipKit.framework */; };
		2278DFC7133FD71A00EE5829 /* ZipKit.framework in Copy Frameworks */ = {isa = PBXBuildFile; fileRef = 8EDC4077133F650800D0A101 /* ZipKit.framework */; };
		22D6D9CB13267E0C00622189 /* RecipientWindowController.m in Sources */ = {isa = PBXBuildFile; fileRef = 22D6D9CA13267E0C00622189 /* RecipientWindowController.m */; };
		301E96B02175F2310081B43D /* GPGAltTitleTableColumn.m in Sources */ = {isa = PBXBuildFile; fileRef = 301E96AF2175F2310081B43D /* GPGAltTitleTableColumn.m */; };
		3021FB1515D83ED300510CA8 /* SimpleTextView.m in Sources */ = {isa = PBXBuildFile; fileRef = 3021FB1415D83ED300510CA8 /* SimpleTextView.m */; };
		302D33D516D41BF000C05409 /* Libmacgpg.framework in Frameworks */ = {isa = PBXBuildFile; fileRef = 302D33D316D41BCF00C05409 /* Libmacgpg.framework */; };
		303B51E621FF09C50061CE1F /* Localization.m in Sources */ = {isa = PBXBuildFile; fileRef = 303B51E521FF09C50061CE1F /* Localization.m */; };
		305E3FE316FFD70000CE05C2 /* InProgressWindow.xib in Resources */ = {isa = PBXBuildFile; fileRef = 305E3FE216FFD70000CE05C2 /* InProgressWindow.xib */; };
		30753EA320DA839400C667CA /* GKFingerprintTransformer.m in Sources */ = {isa = PBXBuildFile; fileRef = 30753EA220DA839400C667CA /* GKFingerprintTransformer.m */; };
		30843DF522F9C3F2001F9D4F /* GPGServices.icns in Resources */ = {isa = PBXBuildFile; fileRef = 30843DF422F9C3F2001F9D4F /* GPGServices.icns */; };
		30B2057114D56F1E00AE9583 /* PrivateKeyChooserWindow.xib in Resources */ = {isa = PBXBuildFile; fileRef = 3058B7CB14D56C5E00AA8881 /* PrivateKeyChooserWindow.xib */; };
		30B2057214D56F1E00AE9583 /* RecipientWindow.xib in Resources */ = {isa = PBXBuildFile; fileRef = 3058B7CE14D56C6400AA8881 /* RecipientWindow.xib */; };
		30B2057314D56F1E00AE9583 /* VerificationResultsWindow.xib in Resources */ = {isa = PBXBuildFile; fileRef = 3058B7D114D56C6700AA8881 /* VerificationResultsWindow.xib */; };
		30B2057714D56F2A00AE9583 /* asc.icns in Resources */ = {isa = PBXBuildFile; fileRef = 8ED7990D135CAB60004C89D5 /* asc.icns */; };
		30B2057814D56F2A00AE9583 /* lock.icns in Resources */ = {isa = PBXBuildFile; fileRef = 8ED7990C135CAB60004C89D5 /* lock.icns */; };
		30B2057914D56F2A00AE9583 /* sig.icns in Resources */ = {isa = PBXBuildFile; fileRef = 8ED7990B135CAB60004C89D5 /* sig.icns */; };
		30CC110C15D7E6BF000DC2C5 /* SimpleTextWindow.xib in Resources */ = {isa = PBXBuildFile; fileRef = 30CC110B15D7E6BF000DC2C5 /* SimpleTextWindow.xib */; };
		30CC112415D7ECAF000DC2C5 /* SimpleTextWindow.m in Sources */ = {isa = PBXBuildFile; fileRef = 30CC112315D7ECAF000DC2C5 /* SimpleTextWindow.m */; };
		30E6C9BA1AB30EF4001541A3 /* MainMenu.xib in Resources */ = {isa = PBXBuildFile; fileRef = 30E6C9B91AB30EF4001541A3 /* MainMenu.xib */; };
		451D886C156ABFAD00A0B890 /* GPGTempFile.m in Sources */ = {isa = PBXBuildFile; fileRef = 451D886B156ABFAD00A0B890 /* GPGTempFile.m */; };
		45715A0C156D4BD100E5E7DD /* ServicesMenu.strings in Resources */ = {isa = PBXBuildFile; fileRef = 45715A0E156D4BD100E5E7DD /* ServicesMenu.strings */; };
		45C2B9E31565AEC300B3571A /* WorkerProgressViewItem.m in Sources */ = {isa = PBXBuildFile; fileRef = 45C2B9E21565AEC300B3571A /* WorkerProgressViewItem.m */; };
		45CC89011569365300928F5B /* Localizable.strings in Resources */ = {isa = PBXBuildFile; fileRef = 45CC88FF1569365300928F5B /* Localizable.strings */; };
		45DD3DDA1565729000C9A4C1 /* InProgressWindowController.m in Sources */ = {isa = PBXBuildFile; fileRef = 45DD3DD91565729000C9A4C1 /* InProgressWindowController.m */; };
		45DD3DDE156579FF00C9A4C1 /* ServiceWorker.m in Sources */ = {isa = PBXBuildFile; fileRef = 45DD3DDD156579FF00C9A4C1 /* ServiceWorker.m */; };
		45DD3DE115657C4900C9A4C1 /* ServiceWrappedOperation.m in Sources */ = {isa = PBXBuildFile; fileRef = 45DD3DE015657C4900C9A4C1 /* ServiceWrappedOperation.m */; };
		45FC40DB1566D2D80020A12B /* ServiceWrappedArgs.m in Sources */ = {isa = PBXBuildFile; fileRef = 45FC40DA1566D2D80020A12B /* ServiceWrappedArgs.m */; };
		4B1908C20A4CBF0B00052798 /* GPGServices.m in Sources */ = {isa = PBXBuildFile; fileRef = 4B1908C00A4CBF0B00052798 /* GPGServices.m */; };
		8D11072D0486CEB800E47090 /* main.m in Sources */ = {isa = PBXBuildFile; fileRef = 29B97316FDCFA39411CA2CEA /* main.m */; settings = {ATTRIBUTES = (); }; };
		8D11072F0486CEB800E47090 /* Cocoa.framework in Frameworks */ = {isa = PBXBuildFile; fileRef = 1058C7A1FEA54F0111CA2CBB /* Cocoa.framework */; };
		8E1BC428134D013600C1BFD6 /* GPGKey+utils.m in Sources */ = {isa = PBXBuildFile; fileRef = 8E1BC427134D013600C1BFD6 /* GPGKey+utils.m */; };
		8E472FEB1361CED6009462E4 /* ShortcutHandlingFields.m in Sources */ = {isa = PBXBuildFile; fileRef = 8E472FEA1361CED6009462E4 /* ShortcutHandlingFields.m */; };
		8E8837C713311F5B0044EFFF /* KeyChooserWindowController.m in Sources */ = {isa = PBXBuildFile; fileRef = 8E8837C613311F5B0044EFFF /* KeyChooserWindowController.m */; };
		8E935E65135128C6004E3E4F /* FileVerificationController.m in Sources */ = {isa = PBXBuildFile; fileRef = 8E935E64135128C6004E3E4F /* FileVerificationController.m */; };
		8EC096F413381AAC00958E8D /* KeyChooserDataSource.m in Sources */ = {isa = PBXBuildFile; fileRef = 8EC096F313381AAC00958E8D /* KeyChooserDataSource.m */; };
		8EDC40F8133F6C5500D0A101 /* ZipOperation.m in Sources */ = {isa = PBXBuildFile; fileRef = 8EDC40F7133F6C5500D0A101 /* ZipOperation.m */; };
		8EE8998B1348B92B004A3266 /* NSPredicate+negate.m in Sources */ = {isa = PBXBuildFile; fileRef = 8EE8998A1348B92B004A3266 /* NSPredicate+negate.m */; };
		8EFFC2271360FBAC00712940 /* FileVerificationDataSource.m in Sources */ = {isa = PBXBuildFile; fileRef = 8EFFC2261360FBAC00712940 /* FileVerificationDataSource.m */; };
		8EFFC22A1361009400712940 /* DummyVerificationController.m in Sources */ = {isa = PBXBuildFile; fileRef = 8EFFC2291361009400712940 /* DummyVerificationController.m */; };
/* End PBXBuildFile section */

/* Begin PBXContainerItemProxy section */
		1B34FA9917A80FE00078B93A /* PBXContainerItemProxy */ = {
			isa = PBXContainerItemProxy;
			containerPortal = 1B34FA9017A80FE00078B93A /* Libmacgpg.xcodeproj */;
			proxyType = 2;
			remoteGlobalIDString = 8DC2EF5B0486A6940098B216;
			remoteInfo = Libmacgpg;
		};
		1B34FA9D17A80FE00078B93A /* PBXContainerItemProxy */ = {
			isa = PBXContainerItemProxy;
			containerPortal = 1B34FA9017A80FE00078B93A /* Libmacgpg.xcodeproj */;
			proxyType = 2;
			remoteGlobalIDString = 1B46CFCC161555DF00CF9C5F;
			remoteInfo = org.gpgtools.Libmacgpg.xpc;
		};
		1B34FAA117A80FE00078B93A /* PBXContainerItemProxy */ = {
			isa = PBXContainerItemProxy;
			containerPortal = 1B34FA9017A80FE00078B93A /* Libmacgpg.xcodeproj */;
			proxyType = 2;
			remoteGlobalIDString = 1BD78B9F1726B2820005F251;
			remoteInfo = LeakFinder;
		};
		304030F61923A42B00955DBC /* PBXContainerItemProxy */ = {
			isa = PBXContainerItemProxy;
			containerPortal = 8EDC405B133F650800D0A101 /* ZipKit.xcodeproj */;
			proxyType = 2;
			remoteGlobalIDString = CB6F0A9817484BDE00F91524;
			remoteInfo = touchzipkit;
		};
		30ED68F11CE0C7D000C074F8 /* PBXContainerItemProxy */ = {
			isa = PBXContainerItemProxy;
			containerPortal = 1B34FA9017A80FE00078B93A /* Libmacgpg.xcodeproj */;
			proxyType = 2;
			remoteGlobalIDString = 30BE73BE1B54015C001A2137;
			remoteInfo = UnitTests;
		};
		8EDC4076133F650800D0A101 /* PBXContainerItemProxy */ = {
			isa = PBXContainerItemProxy;
			containerPortal = 8EDC405B133F650800D0A101 /* ZipKit.xcodeproj */;
			proxyType = 2;
			remoteGlobalIDString = 8DC2EF5B0486A6940098B216;
			remoteInfo = ZipKit;
		};
		8EDC4078133F650800D0A101 /* PBXContainerItemProxy */ = {
			isa = PBXContainerItemProxy;
			containerPortal = 8EDC405B133F650800D0A101 /* ZipKit.xcodeproj */;
			proxyType = 2;
			remoteGlobalIDString = CB9B9CB6109F665C003E3F8B;
			remoteInfo = zipkit;
		};
		8EDC40F3133F6B3E00D0A101 /* PBXContainerItemProxy */ = {
			isa = PBXContainerItemProxy;
			containerPortal = 8EDC405B133F650800D0A101 /* ZipKit.xcodeproj */;
			proxyType = 1;
			remoteGlobalIDString = CB6F09CD174838FC00F91524;
			remoteInfo = ZipKit;
		};
/* End PBXContainerItemProxy section */

/* Begin PBXCopyFilesBuildPhase section */
		4B1906FF0A4CBD8A00052798 /* Copy Frameworks */ = {
			isa = PBXCopyFilesBuildPhase;
			buildActionMask = 2147483647;
			dstPath = "";
			dstSubfolderSpec = 10;
			files = (
				2278DFC7133FD71A00EE5829 /* ZipKit.framework in Copy Frameworks */,
			);
			name = "Copy Frameworks";
			runOnlyForDeploymentPostprocessing = 0;
		};
/* End PBXCopyFilesBuildPhase section */

/* Begin PBXFileReference section */
		1058C7A1FEA54F0111CA2CBB /* Cocoa.framework */ = {isa = PBXFileReference; lastKnownFileType = wrapper.framework; name = Cocoa.framework; path = /System/Library/Frameworks/Cocoa.framework; sourceTree = "<absolute>"; };
		13E42FB307B3F0F600E4EEF1 /* CoreData.framework */ = {isa = PBXFileReference; lastKnownFileType = wrapper.framework; name = CoreData.framework; path = /System/Library/Frameworks/CoreData.framework; sourceTree = "<absolute>"; };
		1B34FA9017A80FE00078B93A /* Libmacgpg.xcodeproj */ = {isa = PBXFileReference; lastKnownFileType = "wrapper.pb-project"; name = Libmacgpg.xcodeproj; path = Dependencies/Libmacgpg/Libmacgpg.xcodeproj; sourceTree = "<group>"; };
		1B57171117A812B300B96393 /* Security.framework */ = {isa = PBXFileReference; lastKnownFileType = wrapper.framework; name = Security.framework; path = System/Library/Frameworks/Security.framework; sourceTree = SDKROOT; };
		22D6D9C913267E0C00622189 /* RecipientWindowController.h */ = {isa = PBXFileReference; fileEncoding = 4; lastKnownFileType = sourcecode.c.h; name = RecipientWindowController.h; path = Source/RecipientWindowController.h; sourceTree = "<group>"; };
		22D6D9CA13267E0C00622189 /* RecipientWindowController.m */ = {isa = PBXFileReference; fileEncoding = 4; lastKnownFileType = sourcecode.c.objc; name = RecipientWindowController.m; path = Source/RecipientWindowController.m; sourceTree = "<group>"; };
		29B97316FDCFA39411CA2CEA /* main.m */ = {isa = PBXFileReference; fileEncoding = 4; lastKnownFileType = sourcecode.c.objc; name = main.m; path = Source/main.m; sourceTree = "<group>"; };
		29B97324FDCFA39411CA2CEA /* AppKit.framework */ = {isa = PBXFileReference; lastKnownFileType = wrapper.framework; name = AppKit.framework; path = /System/Library/Frameworks/AppKit.framework; sourceTree = "<absolute>"; };
		29B97325FDCFA39411CA2CEA /* Foundation.framework */ = {isa = PBXFileReference; lastKnownFileType = wrapper.framework; name = Foundation.framework; path = /System/Library/Frameworks/Foundation.framework; sourceTree = "<absolute>"; };
		301E96AE2175F2310081B43D /* GPGAltTitleTableColumn.h */ = {isa = PBXFileReference; lastKnownFileType = sourcecode.c.h; name = GPGAltTitleTableColumn.h; path = Source/GPGAltTitleTableColumn.h; sourceTree = "<group>"; };
		301E96AF2175F2310081B43D /* GPGAltTitleTableColumn.m */ = {isa = PBXFileReference; lastKnownFileType = sourcecode.c.objc; name = GPGAltTitleTableColumn.m; path = Source/GPGAltTitleTableColumn.m; sourceTree = "<group>"; };
		301E96BC21760B3E0081B43D /* Base */ = {isa = PBXFileReference; lastKnownFileType = file.xib; name = Base; path = Base.lproj/PrivateKeyChooserWindow.xib; sourceTree = "<group>"; };
		301E96BD21760B3E0081B43D /* Base */ = {isa = PBXFileReference; lastKnownFileType = file.xib; name = Base; path = Base.lproj/RecipientWindow.xib; sourceTree = "<group>"; };
		301E96BE21760B3E0081B43D /* Base */ = {isa = PBXFileReference; lastKnownFileType = file.xib; name = Base; path = Base.lproj/VerificationResultsWindow.xib; sourceTree = "<group>"; };
		301E96C121760B880081B43D /* de */ = {isa = PBXFileReference; lastKnownFileType = text.plist.strings; name = de; path = de.lproj/RecipientWindow.strings; sourceTree = "<group>"; };
		301E96C221760B8F0081B43D /* it */ = {isa = PBXFileReference; lastKnownFileType = text.plist.strings; name = it; path = it.lproj/RecipientWindow.strings; sourceTree = "<group>"; };
		301E96C321760B9F0081B43D /* de */ = {isa = PBXFileReference; lastKnownFileType = text.plist.strings; name = de; path = de.lproj/PrivateKeyChooserWindow.strings; sourceTree = "<group>"; };
		301E96C421760BA20081B43D /* it */ = {isa = PBXFileReference; lastKnownFileType = text.plist.strings; name = it; path = it.lproj/PrivateKeyChooserWindow.strings; sourceTree = "<group>"; };
		301E96C521760BAF0081B43D /* de */ = {isa = PBXFileReference; lastKnownFileType = text.plist.strings; name = de; path = de.lproj/VerificationResultsWindow.strings; sourceTree = "<group>"; };
		301E96C621760BB30081B43D /* it */ = {isa = PBXFileReference; lastKnownFileType = text.plist.strings; name = it; path = it.lproj/VerificationResultsWindow.strings; sourceTree = "<group>"; };
		3021FB1315D83ED300510CA8 /* SimpleTextView.h */ = {isa = PBXFileReference; fileEncoding = 4; lastKnownFileType = sourcecode.c.h; name = SimpleTextView.h; path = Source/SimpleTextView.h; sourceTree = "<group>"; };
		3021FB1415D83ED300510CA8 /* SimpleTextView.m */ = {isa = PBXFileReference; fileEncoding = 4; lastKnownFileType = sourcecode.c.objc; name = SimpleTextView.m; path = Source/SimpleTextView.m; sourceTree = "<group>"; };
		302D33D316D41BCF00C05409 /* Libmacgpg.framework */ = {isa = PBXFileReference; lastKnownFileType = wrapper.framework; name = Libmacgpg.framework; path = /Library/Frameworks/Libmacgpg.framework; sourceTree = "<absolute>"; };
		303B51E421FF09C50061CE1F /* Localization.h */ = {isa = PBXFileReference; lastKnownFileType = sourcecode.c.h; name = Localization.h; path = Source/Localization.h; sourceTree = "<group>"; };
		303B51E521FF09C50061CE1F /* Localization.m */ = {isa = PBXFileReference; lastKnownFileType = sourcecode.c.objc; name = Localization.m; path = Source/Localization.m; sourceTree = "<group>"; };
		305E3FE216FFD70000CE05C2 /* InProgressWindow.xib */ = {isa = PBXFileReference; fileEncoding = 4; lastKnownFileType = file.xib; path = InProgressWindow.xib; sourceTree = "<group>"; };
		30753EA120DA839400C667CA /* GKFingerprintTransformer.h */ = {isa = PBXFileReference; lastKnownFileType = sourcecode.c.h; name = GKFingerprintTransformer.h; path = Source/GKFingerprintTransformer.h; sourceTree = "<group>"; };
		30753EA220DA839400C667CA /* GKFingerprintTransformer.m */ = {isa = PBXFileReference; lastKnownFileType = sourcecode.c.objc; name = GKFingerprintTransformer.m; path = Source/GKFingerprintTransformer.m; sourceTree = "<group>"; };
		30843DF422F9C3F2001F9D4F /* GPGServices.icns */ = {isa = PBXFileReference; lastKnownFileType = image.icns; path = GPGServices.icns; sourceTree = "<group>"; };
		3086A47821A56C960004387C /* it */ = {isa = PBXFileReference; lastKnownFileType = text.plist.strings; name = it; path = it.lproj/Localizable.strings; sourceTree = "<group>"; };
		3086A47F21A56C980004387C /* de */ = {isa = PBXFileReference; lastKnownFileType = text.plist.strings; name = de; path = de.lproj/Localizable.strings; sourceTree = "<group>"; };
		309604BA2434BE9A00AC25CF /* GPGServices_Private.h */ = {isa = PBXFileReference; lastKnownFileType = sourcecode.c.h; name = GPGServices_Private.h; path = Source/GPGServices_Private.h; sourceTree = "<group>"; };
		30CC110B15D7E6BF000DC2C5 /* SimpleTextWindow.xib */ = {isa = PBXFileReference; fileEncoding = 4; lastKnownFileType = file.xib; path = SimpleTextWindow.xib; sourceTree = "<group>"; };
		30CC112215D7ECAF000DC2C5 /* SimpleTextWindow.h */ = {isa = PBXFileReference; fileEncoding = 4; lastKnownFileType = sourcecode.c.h; name = SimpleTextWindow.h; path = Source/SimpleTextWindow.h; sourceTree = "<group>"; };
		30CC112315D7ECAF000DC2C5 /* SimpleTextWindow.m */ = {isa = PBXFileReference; fileEncoding = 4; lastKnownFileType = sourcecode.c.objc; name = SimpleTextWindow.m; path = Source/SimpleTextWindow.m; sourceTree = "<group>"; };
		30E6C9B91AB30EF4001541A3 /* MainMenu.xib */ = {isa = PBXFileReference; fileEncoding = 4; lastKnownFileType = file.xib; path = MainMenu.xib; sourceTree = "<group>"; };
		30FE4A1A21A56CBB0013D508 /* cs */ = {isa = PBXFileReference; lastKnownFileType = text.plist.strings; name = cs; path = cs.lproj/Localizable.strings; sourceTree = "<group>"; };
		30FE4A2121A56CCF0013D508 /* pt */ = {isa = PBXFileReference; lastKnownFileType = text.plist.strings; name = pt; path = pt.lproj/Localizable.strings; sourceTree = "<group>"; };
		30FE4A2221A56CD70013D508 /* sv */ = {isa = PBXFileReference; lastKnownFileType = text.plist.strings; name = sv; path = sv.lproj/Localizable.strings; sourceTree = "<group>"; };
		30FE4A2321A56CDD0013D508 /* it */ = {isa = PBXFileReference; lastKnownFileType = text.plist.strings; name = it; path = it.lproj/ServicesMenu.strings; sourceTree = "<group>"; };
		30FE4A2421A56CDE0013D508 /* cs */ = {isa = PBXFileReference; lastKnownFileType = text.plist.strings; name = cs; path = cs.lproj/ServicesMenu.strings; sourceTree = "<group>"; };
		30FE4A2521A56CDF0013D508 /* pt */ = {isa = PBXFileReference; lastKnownFileType = text.plist.strings; name = pt; path = pt.lproj/ServicesMenu.strings; sourceTree = "<group>"; };
		30FE4A2621A56CE00013D508 /* sv */ = {isa = PBXFileReference; lastKnownFileType = text.plist.strings; name = sv; path = sv.lproj/ServicesMenu.strings; sourceTree = "<group>"; };
		30FE4A2721A56CF70013D508 /* cs */ = {isa = PBXFileReference; lastKnownFileType = text.plist.strings; name = cs; path = cs.lproj/VerificationResultsWindow.strings; sourceTree = "<group>"; };
		30FE4A2821A56CF80013D508 /* pt */ = {isa = PBXFileReference; lastKnownFileType = text.plist.strings; name = pt; path = pt.lproj/VerificationResultsWindow.strings; sourceTree = "<group>"; };
		30FE4A2921A56CF90013D508 /* sv */ = {isa = PBXFileReference; lastKnownFileType = text.plist.strings; name = sv; path = sv.lproj/VerificationResultsWindow.strings; sourceTree = "<group>"; };
		30FE4A2A21A56CFD0013D508 /* cs */ = {isa = PBXFileReference; lastKnownFileType = text.plist.strings; name = cs; path = cs.lproj/RecipientWindow.strings; sourceTree = "<group>"; };
		30FE4A2B21A56CFE0013D508 /* pt */ = {isa = PBXFileReference; lastKnownFileType = text.plist.strings; name = pt; path = pt.lproj/RecipientWindow.strings; sourceTree = "<group>"; };
		30FE4A2C21A56CFF0013D508 /* sv */ = {isa = PBXFileReference; lastKnownFileType = text.plist.strings; name = sv; path = sv.lproj/RecipientWindow.strings; sourceTree = "<group>"; };
		30FE4A2D21A56D010013D508 /* cs */ = {isa = PBXFileReference; lastKnownFileType = text.plist.strings; name = cs; path = cs.lproj/PrivateKeyChooserWindow.strings; sourceTree = "<group>"; };
		30FE4A2E21A56D020013D508 /* pt */ = {isa = PBXFileReference; lastKnownFileType = text.plist.strings; name = pt; path = pt.lproj/PrivateKeyChooserWindow.strings; sourceTree = "<group>"; };
		30FE4A2F21A56D030013D508 /* sv */ = {isa = PBXFileReference; lastKnownFileType = text.plist.strings; name = sv; path = sv.lproj/PrivateKeyChooserWindow.strings; sourceTree = "<group>"; };
		32CA4F630368D1EE00C91783 /* GPGServices_Prefix.pch */ = {isa = PBXFileReference; fileEncoding = 4; lastKnownFileType = sourcecode.c.h; name = GPGServices_Prefix.pch; path = Source/GPGServices_Prefix.pch; sourceTree = "<group>"; };
		451D886A156ABFAD00A0B890 /* GPGTempFile.h */ = {isa = PBXFileReference; fileEncoding = 4; lastKnownFileType = sourcecode.c.h; name = GPGTempFile.h; path = Source/GPGTempFile.h; sourceTree = "<group>"; };
		451D886B156ABFAD00A0B890 /* GPGTempFile.m */ = {isa = PBXFileReference; fileEncoding = 4; lastKnownFileType = sourcecode.c.objc; name = GPGTempFile.m; path = Source/GPGTempFile.m; sourceTree = "<group>"; };
		45715A0D156D4BD100E5E7DD /* en */ = {isa = PBXFileReference; fileEncoding = 4; lastKnownFileType = text.plist.strings; name = en; path = en.lproj/ServicesMenu.strings; sourceTree = "<group>"; };
		45715A0F156D4BDD00E5E7DD /* de */ = {isa = PBXFileReference; lastKnownFileType = text.plist.strings; name = de; path = de.lproj/ServicesMenu.strings; sourceTree = "<group>"; };
		45C2B9E11565AEC300B3571A /* WorkerProgressViewItem.h */ = {isa = PBXFileReference; fileEncoding = 4; lastKnownFileType = sourcecode.c.h; name = WorkerProgressViewItem.h; path = Source/WorkerProgressViewItem.h; sourceTree = "<group>"; };
		45C2B9E21565AEC300B3571A /* WorkerProgressViewItem.m */ = {isa = PBXFileReference; fileEncoding = 4; lastKnownFileType = sourcecode.c.objc; name = WorkerProgressViewItem.m; path = Source/WorkerProgressViewItem.m; sourceTree = "<group>"; };
		45CC89001569365300928F5B /* en */ = {isa = PBXFileReference; fileEncoding = 4; lastKnownFileType = text.plist.strings; name = en; path = en.lproj/Localizable.strings; sourceTree = "<group>"; };
		45DD3DD81565729000C9A4C1 /* InProgressWindowController.h */ = {isa = PBXFileReference; fileEncoding = 4; lastKnownFileType = sourcecode.c.h; name = InProgressWindowController.h; path = Source/InProgressWindowController.h; sourceTree = "<group>"; };
		45DD3DD91565729000C9A4C1 /* InProgressWindowController.m */ = {isa = PBXFileReference; fileEncoding = 4; lastKnownFileType = sourcecode.c.objc; name = InProgressWindowController.m; path = Source/InProgressWindowController.m; sourceTree = "<group>"; };
		45DD3DDC156579FE00C9A4C1 /* ServiceWorker.h */ = {isa = PBXFileReference; fileEncoding = 4; lastKnownFileType = sourcecode.c.h; name = ServiceWorker.h; path = Source/ServiceWorker.h; sourceTree = "<group>"; };
		45DD3DDD156579FF00C9A4C1 /* ServiceWorker.m */ = {isa = PBXFileReference; fileEncoding = 4; lastKnownFileType = sourcecode.c.objc; name = ServiceWorker.m; path = Source/ServiceWorker.m; sourceTree = "<group>"; };
		45DD3DDF15657C4900C9A4C1 /* ServiceWrappedOperation.h */ = {isa = PBXFileReference; fileEncoding = 4; lastKnownFileType = sourcecode.c.h; name = ServiceWrappedOperation.h; path = Source/ServiceWrappedOperation.h; sourceTree = "<group>"; };
		45DD3DE015657C4900C9A4C1 /* ServiceWrappedOperation.m */ = {isa = PBXFileReference; fileEncoding = 4; lastKnownFileType = sourcecode.c.objc; name = ServiceWrappedOperation.m; path = Source/ServiceWrappedOperation.m; sourceTree = "<group>"; };
		45DD3DF315657EEE00C9A4C1 /* ServiceWorkerDelegate.h */ = {isa = PBXFileReference; lastKnownFileType = sourcecode.c.h; name = ServiceWorkerDelegate.h; path = Source/ServiceWorkerDelegate.h; sourceTree = "<group>"; };
		45FC40D91566D2D80020A12B /* ServiceWrappedArgs.h */ = {isa = PBXFileReference; fileEncoding = 4; lastKnownFileType = sourcecode.c.h; name = ServiceWrappedArgs.h; path = Source/ServiceWrappedArgs.h; sourceTree = "<group>"; };
		45FC40DA1566D2D80020A12B /* ServiceWrappedArgs.m */ = {isa = PBXFileReference; fileEncoding = 4; lastKnownFileType = sourcecode.c.objc; name = ServiceWrappedArgs.m; path = Source/ServiceWrappedArgs.m; sourceTree = "<group>"; };
		4B1908BF0A4CBF0B00052798 /* GPGServices.h */ = {isa = PBXFileReference; fileEncoding = 4; lastKnownFileType = sourcecode.c.h; name = GPGServices.h; path = Source/GPGServices.h; sourceTree = "<group>"; };
		4B1908C00A4CBF0B00052798 /* GPGServices.m */ = {isa = PBXFileReference; fileEncoding = 4; lastKnownFileType = sourcecode.c.objc; name = GPGServices.m; path = Source/GPGServices.m; sourceTree = "<group>"; };
		8D1107310486CEB800E47090 /* Info.plist */ = {isa = PBXFileReference; fileEncoding = 4; lastKnownFileType = text.plist.xml; path = Info.plist; sourceTree = "<group>"; };
		8D1107320486CEB800E47090 /* GPGServices.service */ = {isa = PBXFileReference; explicitFileType = wrapper.application; includeInIndex = 0; path = GPGServices.service; sourceTree = BUILT_PRODUCTS_DIR; };
		8E1BC426134D013600C1BFD6 /* GPGKey+utils.h */ = {isa = PBXFileReference; fileEncoding = 4; lastKnownFileType = sourcecode.c.h; name = "GPGKey+utils.h"; path = "Source/GPGKey+utils.h"; sourceTree = "<group>"; };
		8E1BC427134D013600C1BFD6 /* GPGKey+utils.m */ = {isa = PBXFileReference; fileEncoding = 4; lastKnownFileType = sourcecode.c.objc; name = "GPGKey+utils.m"; path = "Source/GPGKey+utils.m"; sourceTree = "<group>"; };
		8E472FE91361CED5009462E4 /* ShortcutHandlingFields.h */ = {isa = PBXFileReference; fileEncoding = 4; lastKnownFileType = sourcecode.c.h; name = ShortcutHandlingFields.h; path = Source/ShortcutHandlingFields.h; sourceTree = "<group>"; };
		8E472FEA1361CED6009462E4 /* ShortcutHandlingFields.m */ = {isa = PBXFileReference; fileEncoding = 4; lastKnownFileType = sourcecode.c.objc; name = ShortcutHandlingFields.m; path = Source/ShortcutHandlingFields.m; sourceTree = "<group>"; };
		8E7341A21334BC1C003CBCEB /* Growl.framework */ = {isa = PBXFileReference; lastKnownFileType = wrapper.framework; name = Growl.framework; path = Frameworks/Growl.framework; sourceTree = "<group>"; };
		8E8837C513311F5B0044EFFF /* KeyChooserWindowController.h */ = {isa = PBXFileReference; fileEncoding = 4; lastKnownFileType = sourcecode.c.h; name = KeyChooserWindowController.h; path = Source/KeyChooserWindowController.h; sourceTree = "<group>"; };
		8E8837C613311F5B0044EFFF /* KeyChooserWindowController.m */ = {isa = PBXFileReference; fileEncoding = 4; lastKnownFileType = sourcecode.c.objc; name = KeyChooserWindowController.m; path = Source/KeyChooserWindowController.m; sourceTree = "<group>"; };
		8E935E63135128C6004E3E4F /* FileVerificationController.h */ = {isa = PBXFileReference; fileEncoding = 4; lastKnownFileType = sourcecode.c.h; name = FileVerificationController.h; path = Source/FileVerificationController.h; sourceTree = "<group>"; };
		8E935E64135128C6004E3E4F /* FileVerificationController.m */ = {isa = PBXFileReference; fileEncoding = 4; lastKnownFileType = sourcecode.c.objc; name = FileVerificationController.m; path = Source/FileVerificationController.m; sourceTree = "<group>"; };
		8EC096F213381AAC00958E8D /* KeyChooserDataSource.h */ = {isa = PBXFileReference; fileEncoding = 4; lastKnownFileType = sourcecode.c.h; name = KeyChooserDataSource.h; path = Source/KeyChooserDataSource.h; sourceTree = "<group>"; };
		8EC096F313381AAC00958E8D /* KeyChooserDataSource.m */ = {isa = PBXFileReference; fileEncoding = 4; lastKnownFileType = sourcecode.c.objc; name = KeyChooserDataSource.m; path = Source/KeyChooserDataSource.m; sourceTree = "<group>"; };
		8ED7990B135CAB60004C89D5 /* sig.icns */ = {isa = PBXFileReference; lastKnownFileType = image.icns; path = sig.icns; sourceTree = "<group>"; };
		8ED7990C135CAB60004C89D5 /* lock.icns */ = {isa = PBXFileReference; lastKnownFileType = image.icns; path = lock.icns; sourceTree = "<group>"; };
		8ED7990D135CAB60004C89D5 /* asc.icns */ = {isa = PBXFileReference; lastKnownFileType = image.icns; path = asc.icns; sourceTree = "<group>"; };
		8EDC405B133F650800D0A101 /* ZipKit.xcodeproj */ = {isa = PBXFileReference; lastKnownFileType = "wrapper.pb-project"; name = ZipKit.xcodeproj; path = Dependencies/zipkit/ZipKit.xcodeproj; sourceTree = "<group>"; };
		8EDC40F6133F6C5500D0A101 /* ZipOperation.h */ = {isa = PBXFileReference; fileEncoding = 4; lastKnownFileType = sourcecode.c.h; name = ZipOperation.h; path = Source/ZipOperation.h; sourceTree = "<group>"; };
		8EDC40F7133F6C5500D0A101 /* ZipOperation.m */ = {isa = PBXFileReference; fileEncoding = 4; lastKnownFileType = sourcecode.c.objc; name = ZipOperation.m; path = Source/ZipOperation.m; sourceTree = "<group>"; };
		8EE899891348B92B004A3266 /* NSPredicate+negate.h */ = {isa = PBXFileReference; fileEncoding = 4; lastKnownFileType = sourcecode.c.h; name = "NSPredicate+negate.h"; path = "Source/NSPredicate+negate.h"; sourceTree = "<group>"; };
		8EE8998A1348B92B004A3266 /* NSPredicate+negate.m */ = {isa = PBXFileReference; fileEncoding = 4; lastKnownFileType = sourcecode.c.objc; name = "NSPredicate+negate.m"; path = "Source/NSPredicate+negate.m"; sourceTree = "<group>"; };
		8EFFC2251360FBAC00712940 /* FileVerificationDataSource.h */ = {isa = PBXFileReference; fileEncoding = 4; lastKnownFileType = sourcecode.c.h; name = FileVerificationDataSource.h; path = Source/FileVerificationDataSource.h; sourceTree = "<group>"; };
		8EFFC2261360FBAC00712940 /* FileVerificationDataSource.m */ = {isa = PBXFileReference; fileEncoding = 4; lastKnownFileType = sourcecode.c.objc; name = FileVerificationDataSource.m; path = Source/FileVerificationDataSource.m; sourceTree = "<group>"; };
		8EFFC2281361009400712940 /* DummyVerificationController.h */ = {isa = PBXFileReference; fileEncoding = 4; lastKnownFileType = sourcecode.c.h; name = DummyVerificationController.h; path = Source/DummyVerificationController.h; sourceTree = "<group>"; };
		8EFFC2291361009400712940 /* DummyVerificationController.m */ = {isa = PBXFileReference; fileEncoding = 4; lastKnownFileType = sourcecode.c.objc; name = DummyVerificationController.m; path = Source/DummyVerificationController.m; sourceTree = "<group>"; };
/* End PBXFileReference section */

/* Begin PBXFrameworksBuildPhase section */
		8D11072E0486CEB800E47090 /* Frameworks */ = {
			isa = PBXFrameworksBuildPhase;
			buildActionMask = 2147483647;
			files = (
				1B57171217A812B300B96393 /* Security.framework in Frameworks */,
				302D33D516D41BF000C05409 /* Libmacgpg.framework in Frameworks */,
				2278DFC4133FD70000EE5829 /* ZipKit.framework in Frameworks */,
				8D11072F0486CEB800E47090 /* Cocoa.framework in Frameworks */,
			);
			runOnlyForDeploymentPostprocessing = 0;
		};
/* End PBXFrameworksBuildPhase section */

/* Begin PBXGroup section */
		080E96DDFE201D6D7F000001 /* Classes */ = {
			isa = PBXGroup;
			children = (
				8E1BC3D6134B977500C1BFD6 /* UI Classes */,
				4B1908BF0A4CBF0B00052798 /* GPGServices.h */,
				309604BA2434BE9A00AC25CF /* GPGServices_Private.h */,
				4B1908C00A4CBF0B00052798 /* GPGServices.m */,
				30753EA120DA839400C667CA /* GKFingerprintTransformer.h */,
				30753EA220DA839400C667CA /* GKFingerprintTransformer.m */,
				8EDC40F6133F6C5500D0A101 /* ZipOperation.h */,
				8EDC40F7133F6C5500D0A101 /* ZipOperation.m */,
				451D886A156ABFAD00A0B890 /* GPGTempFile.h */,
				451D886B156ABFAD00A0B890 /* GPGTempFile.m */,
				8EE899891348B92B004A3266 /* NSPredicate+negate.h */,
				8E1BC426134D013600C1BFD6 /* GPGKey+utils.h */,
				8E1BC427134D013600C1BFD6 /* GPGKey+utils.m */,
				8EE8998A1348B92B004A3266 /* NSPredicate+negate.m */,
				45DD3DDC156579FE00C9A4C1 /* ServiceWorker.h */,
				45DD3DDD156579FF00C9A4C1 /* ServiceWorker.m */,
				45DD3DF315657EEE00C9A4C1 /* ServiceWorkerDelegate.h */,
				45DD3DDF15657C4900C9A4C1 /* ServiceWrappedOperation.h */,
				45DD3DE015657C4900C9A4C1 /* ServiceWrappedOperation.m */,
				45FC40D91566D2D80020A12B /* ServiceWrappedArgs.h */,
				45FC40DA1566D2D80020A12B /* ServiceWrappedArgs.m */,
				303B51E421FF09C50061CE1F /* Localization.h */,
				303B51E521FF09C50061CE1F /* Localization.m */,
			);
			name = Classes;
			sourceTree = "<group>";
		};
		1058C7A0FEA54F0111CA2CBB /* Linked Frameworks */ = {
			isa = PBXGroup;
			children = (
				302D33D316D41BCF00C05409 /* Libmacgpg.framework */,
				8E7341A21334BC1C003CBCEB /* Growl.framework */,
				1058C7A1FEA54F0111CA2CBB /* Cocoa.framework */,
			);
			name = "Linked Frameworks";
			sourceTree = "<group>";
		};
		1058C7A2FEA54F0111CA2CBB /* Other Frameworks */ = {
			isa = PBXGroup;
			children = (
				29B97324FDCFA39411CA2CEA /* AppKit.framework */,
				13E42FB307B3F0F600E4EEF1 /* CoreData.framework */,
				29B97325FDCFA39411CA2CEA /* Foundation.framework */,
			);
			name = "Other Frameworks";
			sourceTree = "<group>";
		};
		19C28FACFE9D520D11CA2CBB /* Products */ = {
			isa = PBXGroup;
			children = (
				8D1107320486CEB800E47090 /* GPGServices.service */,
			);
			name = Products;
			sourceTree = "<group>";
		};
		1B34FA9117A80FE00078B93A /* Products */ = {
			isa = PBXGroup;
			children = (
				1B34FA9A17A80FE00078B93A /* Libmacgpg.framework */,
				30ED68F21CE0C7D000C074F8 /* UnitTests.xctest */,
				1B34FAA217A80FE00078B93A /* LeakFinder.app */,
				1B34FA9E17A80FE00078B93A /* org.gpgtools.Libmacgpg.xpc */,
			);
			name = Products;
			sourceTree = "<group>";
		};
		22CA686C12DFD8B400ED919C /* Dependencies */ = {
			isa = PBXGroup;
			children = (
				1B34FA9017A80FE00078B93A /* Libmacgpg.xcodeproj */,
				8EDC405B133F650800D0A101 /* ZipKit.xcodeproj */,
			);
			name = Dependencies;
			sourceTree = "<group>";
		};
		29B97314FDCFA39411CA2CEA /* GPGServices */ = {
			isa = PBXGroup;
			children = (
				22CA686C12DFD8B400ED919C /* Dependencies */,
				080E96DDFE201D6D7F000001 /* Classes */,
				29B97315FDCFA39411CA2CEA /* Other Sources */,
				29B97317FDCFA39411CA2CEA /* Resources */,
				29B97323FDCFA39411CA2CEA /* Frameworks */,
				19C28FACFE9D520D11CA2CBB /* Products */,
			);
			name = GPGServices;
			sourceTree = "<group>";
		};
		29B97315FDCFA39411CA2CEA /* Other Sources */ = {
			isa = PBXGroup;
			children = (
				32CA4F630368D1EE00C91783 /* GPGServices_Prefix.pch */,
				29B97316FDCFA39411CA2CEA /* main.m */,
			);
			name = "Other Sources";
			sourceTree = "<group>";
		};
		29B97317FDCFA39411CA2CEA /* Resources */ = {
			isa = PBXGroup;
			children = (
				30B2057B14D56F3900AE9583 /* XIBs */,
				30B2057A14D56F3500AE9583 /* Strings */,
				300B934814D56B97005016A7 /* Images */,
				8D1107310486CEB800E47090 /* Info.plist */,
			);
			path = Resources;
			sourceTree = "<group>";
		};
		29B97323FDCFA39411CA2CEA /* Frameworks */ = {
			isa = PBXGroup;
			children = (
				1B57171117A812B300B96393 /* Security.framework */,
				1058C7A0FEA54F0111CA2CBB /* Linked Frameworks */,
				1058C7A2FEA54F0111CA2CBB /* Other Frameworks */,
			);
			name = Frameworks;
			sourceTree = "<group>";
		};
		300B934814D56B97005016A7 /* Images */ = {
			isa = PBXGroup;
			children = (
				30843DF422F9C3F2001F9D4F /* GPGServices.icns */,
				8ED7990D135CAB60004C89D5 /* asc.icns */,
				8ED7990C135CAB60004C89D5 /* lock.icns */,
				8ED7990B135CAB60004C89D5 /* sig.icns */,
			);
			path = Images;
			sourceTree = "<group>";
		};
		30B2057A14D56F3500AE9583 /* Strings */ = {
			isa = PBXGroup;
			children = (
				45CC88FF1569365300928F5B /* Localizable.strings */,
				45715A0E156D4BD100E5E7DD /* ServicesMenu.strings */,
			);
			name = Strings;
			sourceTree = "<group>";
		};
		30B2057B14D56F3900AE9583 /* XIBs */ = {
			isa = PBXGroup;
			children = (
				30E6C9B91AB30EF4001541A3 /* MainMenu.xib */,
				3058B7CB14D56C5E00AA8881 /* PrivateKeyChooserWindow.xib */,
				3058B7CE14D56C6400AA8881 /* RecipientWindow.xib */,
				3058B7D114D56C6700AA8881 /* VerificationResultsWindow.xib */,
				305E3FE216FFD70000CE05C2 /* InProgressWindow.xib */,
				30CC110B15D7E6BF000DC2C5 /* SimpleTextWindow.xib */,
			);
			name = XIBs;
			sourceTree = "<group>";
		};
		8E1BC3D6134B977500C1BFD6 /* UI Classes */ = {
			isa = PBXGroup;
			children = (
				3021FB1315D83ED300510CA8 /* SimpleTextView.h */,
				3021FB1415D83ED300510CA8 /* SimpleTextView.m */,
				30CC112215D7ECAF000DC2C5 /* SimpleTextWindow.h */,
				30CC112315D7ECAF000DC2C5 /* SimpleTextWindow.m */,
				8EC096F213381AAC00958E8D /* KeyChooserDataSource.h */,
				8EC096F313381AAC00958E8D /* KeyChooserDataSource.m */,
				8E8837C513311F5B0044EFFF /* KeyChooserWindowController.h */,
				8E8837C613311F5B0044EFFF /* KeyChooserWindowController.m */,
				22D6D9C913267E0C00622189 /* RecipientWindowController.h */,
				22D6D9CA13267E0C00622189 /* RecipientWindowController.m */,
				8E935E63135128C6004E3E4F /* FileVerificationController.h */,
				8E935E64135128C6004E3E4F /* FileVerificationController.m */,
				8EFFC2251360FBAC00712940 /* FileVerificationDataSource.h */,
				8EFFC2261360FBAC00712940 /* FileVerificationDataSource.m */,
				8EFFC2281361009400712940 /* DummyVerificationController.h */,
				8EFFC2291361009400712940 /* DummyVerificationController.m */,
				8E472FE91361CED5009462E4 /* ShortcutHandlingFields.h */,
				8E472FEA1361CED6009462E4 /* ShortcutHandlingFields.m */,
				45DD3DD81565729000C9A4C1 /* InProgressWindowController.h */,
				45DD3DD91565729000C9A4C1 /* InProgressWindowController.m */,
				45C2B9E11565AEC300B3571A /* WorkerProgressViewItem.h */,
				45C2B9E21565AEC300B3571A /* WorkerProgressViewItem.m */,
				301E96AE2175F2310081B43D /* GPGAltTitleTableColumn.h */,
				301E96AF2175F2310081B43D /* GPGAltTitleTableColumn.m */,
			);
			name = "UI Classes";
			sourceTree = "<group>";
		};
		8EDC405C133F650800D0A101 /* Products */ = {
			isa = PBXGroup;
			children = (
				8EDC4077133F650800D0A101 /* ZipKit.framework */,
				8EDC4079133F650800D0A101 /* libzipkit.a */,
				304030F71923A42B00955DBC /* libtouchzipkit.a */,
			);
			name = Products;
			sourceTree = "<group>";
		};
/* End PBXGroup section */

/* Begin PBXNativeTarget section */
		8D1107260486CEB800E47090 /* GPGServices */ = {
			isa = PBXNativeTarget;
			buildConfigurationList = C01FCF4A08A954540054247B /* Build configuration list for PBXNativeTarget "GPGServices" */;
			buildPhases = (
				301E96C921760BF50081B43D /* Update en.lproj from Base.lproj */,
				8D11072C0486CEB800E47090 /* Sources */,
				8D11072E0486CEB800E47090 /* Frameworks */,
				8D1107290486CEB800E47090 /* Resources */,
				4B1906FF0A4CBD8A00052798 /* Copy Frameworks */,
				303870EF16A864E6006B79F7 /* Fill Info.plist */,
				30DC10051A98C06100B21E49 /* Copy "How to get the source code" into Resources */,
				3071695E22FD6ABA00AAA496 /* Libmacgpg without rpath */,
			);
			buildRules = (
			);
			dependencies = (
				8EDC40F4133F6B3E00D0A101 /* PBXTargetDependency */,
			);
			name = GPGServices;
			productInstallPath = "$(HOME)/Applications";
			productName = GPGServices;
			productReference = 8D1107320486CEB800E47090 /* GPGServices.service */;
			productType = "com.apple.product-type.application";
		};
/* End PBXNativeTarget section */

/* Begin PBXProject section */
		29B97313FDCFA39411CA2CEA /* Project object */ = {
			isa = PBXProject;
			attributes = {
				LastUpgradeCheck = 0410;
				TargetAttributes = {
					8D1107260486CEB800E47090 = {
						SystemCapabilities = {
							com.apple.HardenedRuntime = {
								enabled = 1;
							};
						};
					};
				};
			};
			buildConfigurationList = C01FCF4E08A954540054247B /* Build configuration list for PBXProject "GPGServices" */;
			compatibilityVersion = "Xcode 3.2";
			developmentRegion = English;
			hasScannedForEncodings = 1;
			knownRegions = (
				en,
				it,
				de,
				Base,
				cs,
				pt,
				sv,
			);
			mainGroup = 29B97314FDCFA39411CA2CEA /* GPGServices */;
			projectDirPath = "";
			projectReferences = (
				{
					ProductGroup = 1B34FA9117A80FE00078B93A /* Products */;
					ProjectRef = 1B34FA9017A80FE00078B93A /* Libmacgpg.xcodeproj */;
				},
				{
					ProductGroup = 8EDC405C133F650800D0A101 /* Products */;
					ProjectRef = 8EDC405B133F650800D0A101 /* ZipKit.xcodeproj */;
				},
			);
			projectRoot = "";
			targets = (
				8D1107260486CEB800E47090 /* GPGServices */,
			);
		};
/* End PBXProject section */

/* Begin PBXReferenceProxy section */
		1B34FA9A17A80FE00078B93A /* Libmacgpg.framework */ = {
			isa = PBXReferenceProxy;
			fileType = wrapper.framework;
			path = Libmacgpg.framework;
			remoteRef = 1B34FA9917A80FE00078B93A /* PBXContainerItemProxy */;
			sourceTree = BUILT_PRODUCTS_DIR;
		};
		1B34FA9E17A80FE00078B93A /* org.gpgtools.Libmacgpg.xpc */ = {
			isa = PBXReferenceProxy;
			fileType = "wrapper.xpc-service";
			path = org.gpgtools.Libmacgpg.xpc;
			remoteRef = 1B34FA9D17A80FE00078B93A /* PBXContainerItemProxy */;
			sourceTree = BUILT_PRODUCTS_DIR;
		};
		1B34FAA217A80FE00078B93A /* LeakFinder.app */ = {
			isa = PBXReferenceProxy;
			fileType = wrapper.application;
			path = LeakFinder.app;
			remoteRef = 1B34FAA117A80FE00078B93A /* PBXContainerItemProxy */;
			sourceTree = BUILT_PRODUCTS_DIR;
		};
		304030F71923A42B00955DBC /* libtouchzipkit.a */ = {
			isa = PBXReferenceProxy;
			fileType = archive.ar;
			path = libtouchzipkit.a;
			remoteRef = 304030F61923A42B00955DBC /* PBXContainerItemProxy */;
			sourceTree = BUILT_PRODUCTS_DIR;
		};
		30ED68F21CE0C7D000C074F8 /* UnitTests.xctest */ = {
			isa = PBXReferenceProxy;
			fileType = wrapper.cfbundle;
			path = UnitTests.xctest;
			remoteRef = 30ED68F11CE0C7D000C074F8 /* PBXContainerItemProxy */;
			sourceTree = BUILT_PRODUCTS_DIR;
		};
		8EDC4077133F650800D0A101 /* ZipKit.framework */ = {
			isa = PBXReferenceProxy;
			fileType = wrapper.framework;
			path = ZipKit.framework;
			remoteRef = 8EDC4076133F650800D0A101 /* PBXContainerItemProxy */;
			sourceTree = BUILT_PRODUCTS_DIR;
		};
		8EDC4079133F650800D0A101 /* libzipkit.a */ = {
			isa = PBXReferenceProxy;
			fileType = archive.ar;
			path = libzipkit.a;
			remoteRef = 8EDC4078133F650800D0A101 /* PBXContainerItemProxy */;
			sourceTree = BUILT_PRODUCTS_DIR;
		};
/* End PBXReferenceProxy section */

/* Begin PBXResourcesBuildPhase section */
		8D1107290486CEB800E47090 /* Resources */ = {
			isa = PBXResourcesBuildPhase;
			buildActionMask = 2147483647;
			files = (
				30B2057114D56F1E00AE9583 /* PrivateKeyChooserWindow.xib in Resources */,
				30B2057214D56F1E00AE9583 /* RecipientWindow.xib in Resources */,
				30E6C9BA1AB30EF4001541A3 /* MainMenu.xib in Resources */,
				30B2057314D56F1E00AE9583 /* VerificationResultsWindow.xib in Resources */,
				30B2057714D56F2A00AE9583 /* asc.icns in Resources */,
				30843DF522F9C3F2001F9D4F /* GPGServices.icns in Resources */,
				30B2057814D56F2A00AE9583 /* lock.icns in Resources */,
				30B2057914D56F2A00AE9583 /* sig.icns in Resources */,
				45715A0C156D4BD100E5E7DD /* ServicesMenu.strings in Resources */,
				45CC89011569365300928F5B /* Localizable.strings in Resources */,
				30CC110C15D7E6BF000DC2C5 /* SimpleTextWindow.xib in Resources */,
				305E3FE316FFD70000CE05C2 /* InProgressWindow.xib in Resources */,
			);
			runOnlyForDeploymentPostprocessing = 0;
		};
/* End PBXResourcesBuildPhase section */

/* Begin PBXShellScriptBuildPhase section */
		301E96C921760BF50081B43D /* Update en.lproj from Base.lproj */ = {
			isa = PBXShellScriptBuildPhase;
			buildActionMask = 2147483647;
			files = (
			);
			inputPaths = (
			);
			name = "Update en.lproj from Base.lproj";
			outputPaths = (
			);
			runOnlyForDeploymentPostprocessing = 0;
			shellPath = /bin/bash;
			shellScript = "[[ -d \"$DEPLOY_RESOURCES_DIR\" ]] || exit 0\n \"$DEPLOY_RESOURCES_DIR/scripts/updateStringsFiles.sh\" || exit 1\n";
			showEnvVarsInLog = 0;
		};
		303870EF16A864E6006B79F7 /* Fill Info.plist */ = {
			isa = PBXShellScriptBuildPhase;
			buildActionMask = 2147483647;
			files = (
			);
			inputPaths = (
			);
			name = "Fill Info.plist";
			outputPaths = (
			);
			runOnlyForDeploymentPostprocessing = 0;
			shellPath = /bin/sh;
			shellScript = "if [[ -d \"$DEPLOY_RESOURCES_DIR\" ]] ;then\nsource \"$DEPLOY_RESOURCES_DIR/config/versioning.sh\"\nelse\nsource \"$SRCROOT/Version.config\"\nfi\n[[ -n \"$VERSION\" ]] || { echo \"Missing Version!\"; exit 1; }\n\n\n/usr/libexec/PlistBuddy \\\n-c \"Set CommitHash '${COMMIT_HASH:--}'\" \\\n-c \"Set BuildNumber '${BUILD_NUMBER:-0}'\" \\\n-c \"Set CFBundleVersion '${BUILD_VERSION:-0n}'\" \\\n-c \"Set CFBundleShortVersionString '$VERSION'\" \\\n\"$BUILT_PRODUCTS_DIR/$INFOPLIST_PATH\" || exit 2\n";
			showEnvVarsInLog = 0;
		};
		3071695E22FD6ABA00AAA496 /* Libmacgpg without rpath */ = {
			isa = PBXShellScriptBuildPhase;
			buildActionMask = 2147483647;
			files = (
			);
			inputFileListPaths = (
			);
			inputPaths = (
			);
			name = "Libmacgpg without rpath";
			outputFileListPaths = (
			);
			outputPaths = (
			);
			runOnlyForDeploymentPostprocessing = 0;
			shellPath = /bin/bash;
			shellScript = "# Only release builds use an absolute path to Libmacgpg\n[[ \"$CONFIGURATION\" == \"Release\" ]] || exit 0\n\nlibmacgpgRpath=$(otool -L \"$TARGET_BUILD_DIR/$EXECUTABLE_PATH\" | sed -nE 's#.*@rpath(/Libmacgpg[^ ]+) .*#\\1#p')\nif [[ -n \"$libmacgpgRpath\" ]]; then\n    # Change the rpath to an absolute path.\n    echo \"Removing rpath for Libmacgpg\"\n    install_name_tool -change \"@rpath$libmacgpgRpath\" \"/Library/Frameworks$libmacgpgRpath\" \"$TARGET_BUILD_DIR/$EXECUTABLE_PATH\"\nfi\n\n";
			showEnvVarsInLog = 0;
		};
		30DC10051A98C06100B21E49 /* Copy "How to get the source code" into Resources */ = {
			isa = PBXShellScriptBuildPhase;
			buildActionMask = 2147483647;
			files = (
			);
			inputPaths = (
			);
			name = "Copy \"How to get the source code\" into Resources";
			outputPaths = (
			);
			runOnlyForDeploymentPostprocessing = 0;
			shellPath = /bin/sh;
			shellScript = "[[ -d \"$DEPLOY_RESOURCES_DIR\" ]] || exit 0\n \n HOWTO_PATH=\"$DEPLOY_RESOURCES_DIR/resources/How to get the source code\"\n cp \"$HOWTO_PATH\" \"$BUILT_PRODUCTS_DIR/$UNLOCALIZED_RESOURCES_FOLDER_PATH/\"";
			showEnvVarsInLog = 0;
		};
/* End PBXShellScriptBuildPhase section */

/* Begin PBXSourcesBuildPhase section */
		8D11072C0486CEB800E47090 /* Sources */ = {
			isa = PBXSourcesBuildPhase;
			buildActionMask = 2147483647;
			files = (
				8D11072D0486CEB800E47090 /* main.m in Sources */,
				4B1908C20A4CBF0B00052798 /* GPGServices.m in Sources */,
				22D6D9CB13267E0C00622189 /* RecipientWindowController.m in Sources */,
				8E8837C713311F5B0044EFFF /* KeyChooserWindowController.m in Sources */,
				301E96B02175F2310081B43D /* GPGAltTitleTableColumn.m in Sources */,
				30753EA320DA839400C667CA /* GKFingerprintTransformer.m in Sources */,
				8EC096F413381AAC00958E8D /* KeyChooserDataSource.m in Sources */,
				8EDC40F8133F6C5500D0A101 /* ZipOperation.m in Sources */,
				8EE8998B1348B92B004A3266 /* NSPredicate+negate.m in Sources */,
				8E1BC428134D013600C1BFD6 /* GPGKey+utils.m in Sources */,
				8E935E65135128C6004E3E4F /* FileVerificationController.m in Sources */,
				8EFFC2271360FBAC00712940 /* FileVerificationDataSource.m in Sources */,
				8EFFC22A1361009400712940 /* DummyVerificationController.m in Sources */,
				8E472FEB1361CED6009462E4 /* ShortcutHandlingFields.m in Sources */,
				45DD3DDA1565729000C9A4C1 /* InProgressWindowController.m in Sources */,
				45DD3DDE156579FF00C9A4C1 /* ServiceWorker.m in Sources */,
				45DD3DE115657C4900C9A4C1 /* ServiceWrappedOperation.m in Sources */,
				303B51E621FF09C50061CE1F /* Localization.m in Sources */,
				45C2B9E31565AEC300B3571A /* WorkerProgressViewItem.m in Sources */,
				45FC40DB1566D2D80020A12B /* ServiceWrappedArgs.m in Sources */,
				451D886C156ABFAD00A0B890 /* GPGTempFile.m in Sources */,
				30CC112415D7ECAF000DC2C5 /* SimpleTextWindow.m in Sources */,
				3021FB1515D83ED300510CA8 /* SimpleTextView.m in Sources */,
			);
			runOnlyForDeploymentPostprocessing = 0;
		};
/* End PBXSourcesBuildPhase section */

/* Begin PBXTargetDependency section */
		8EDC40F4133F6B3E00D0A101 /* PBXTargetDependency */ = {
			isa = PBXTargetDependency;
			name = ZipKit;
			targetProxy = 8EDC40F3133F6B3E00D0A101 /* PBXContainerItemProxy */;
		};
/* End PBXTargetDependency section */

/* Begin PBXVariantGroup section */
		3058B7CB14D56C5E00AA8881 /* PrivateKeyChooserWindow.xib */ = {
			isa = PBXVariantGroup;
			children = (
				301E96BC21760B3E0081B43D /* Base */,
				301E96C321760B9F0081B43D /* de */,
				301E96C421760BA20081B43D /* it */,
				30FE4A2D21A56D010013D508 /* cs */,
				30FE4A2E21A56D020013D508 /* pt */,
				30FE4A2F21A56D030013D508 /* sv */,
			);
			name = PrivateKeyChooserWindow.xib;
			sourceTree = "<group>";
		};
		3058B7CE14D56C6400AA8881 /* RecipientWindow.xib */ = {
			isa = PBXVariantGroup;
			children = (
				301E96BD21760B3E0081B43D /* Base */,
				301E96C121760B880081B43D /* de */,
				301E96C221760B8F0081B43D /* it */,
				30FE4A2A21A56CFD0013D508 /* cs */,
				30FE4A2B21A56CFE0013D508 /* pt */,
				30FE4A2C21A56CFF0013D508 /* sv */,
			);
			name = RecipientWindow.xib;
			sourceTree = "<group>";
		};
		3058B7D114D56C6700AA8881 /* VerificationResultsWindow.xib */ = {
			isa = PBXVariantGroup;
			children = (
				301E96BE21760B3E0081B43D /* Base */,
				301E96C521760BAF0081B43D /* de */,
				301E96C621760BB30081B43D /* it */,
				30FE4A2721A56CF70013D508 /* cs */,
				30FE4A2821A56CF80013D508 /* pt */,
				30FE4A2921A56CF90013D508 /* sv */,
			);
			name = VerificationResultsWindow.xib;
			sourceTree = "<group>";
		};
		45715A0E156D4BD100E5E7DD /* ServicesMenu.strings */ = {
			isa = PBXVariantGroup;
			children = (
				45715A0D156D4BD100E5E7DD /* en */,
				45715A0F156D4BDD00E5E7DD /* de */,
				30FE4A2321A56CDD0013D508 /* it */,
				30FE4A2421A56CDE0013D508 /* cs */,
				30FE4A2521A56CDF0013D508 /* pt */,
				30FE4A2621A56CE00013D508 /* sv */,
			);
			name = ServicesMenu.strings;
			sourceTree = "<group>";
		};
		45CC88FF1569365300928F5B /* Localizable.strings */ = {
			isa = PBXVariantGroup;
			children = (
				45CC89001569365300928F5B /* en */,
				3086A47821A56C960004387C /* it */,
				3086A47F21A56C980004387C /* de */,
				30FE4A1A21A56CBB0013D508 /* cs */,
				30FE4A2121A56CCF0013D508 /* pt */,
				30FE4A2221A56CD70013D508 /* sv */,
			);
			name = Localizable.strings;
			sourceTree = "<group>";
		};
/* End PBXVariantGroup section */

/* Begin XCBuildConfiguration section */
		C01FCF4B08A954540054247B /* Debug */ = {
			isa = XCBuildConfiguration;
			buildSettings = {
				ARCHS = "$(ARCHS_STANDARD_64_BIT)";
				CLANG_ENABLE_OBJC_ARC = YES;
				CODE_SIGN_IDENTITY = "";
				COPY_PHASE_STRIP = NO;
				ENABLE_HARDENED_RUNTIME = YES;
				FRAMEWORK_SEARCH_PATHS = (
					"$(SRCROOT)/Dependencies/zipkit/build/$CONFIGURATION",
					"$(SRCROOT)/Dependencies/Libmacgpg/build/$(CONFIGURATION)",
					/Library/Frameworks,
					"$(HOME)/Library/Frameworks",
				);
				GCC_DYNAMIC_NO_PIC = NO;
				GCC_OPTIMIZATION_LEVEL = 0;
				GCC_PREPROCESSOR_DEFINITIONS = "DEBUG=1";
				GCC_VERSION = com.apple.compilers.llvm.clang.1_0;
				INFOPLIST_FILE = Resources/Info.plist;
				INSTALL_PATH = "$(HOME)/Applications";
				LD_RUNPATH_SEARCH_PATHS = "@loader_path/../Frameworks /Library/Frameworks";
				PRODUCT_NAME = GPGServices;
				RUN_CLANG_STATIC_ANALYZER = YES;
				WRAPPER_EXTENSION = service;
				ZERO_LINK = YES;
			};
			name = Debug;
		};
		C01FCF4C08A954540054247B /* Release */ = {
			isa = XCBuildConfiguration;
			buildSettings = {
				ARCHS = "$(ARCHS_STANDARD_64_BIT)";
				CLANG_ENABLE_OBJC_ARC = YES;
				CODE_SIGN_IDENTITY = "";
				DEPLOYMENT_POSTPROCESSING = YES;
				ENABLE_HARDENED_RUNTIME = YES;
				FRAMEWORK_SEARCH_PATHS = (
					"$(SRCROOT)/Dependencies/zipkit/build/$CONFIGURATION",
					"$(SRCROOT)/Dependencies/Libmacgpg/build/$(CONFIGURATION)",
					/Library/Frameworks,
					"$(HOME)/Library/Frameworks",
				);
				GCC_GENERATE_DEBUGGING_SYMBOLS = NO;
				GCC_VERSION = com.apple.compilers.llvm.clang.1_0;
				INFOPLIST_FILE = Resources/Info.plist;
				INSTALL_PATH = /Library/Services;
				LD_RUNPATH_SEARCH_PATHS = "@loader_path/../Frameworks /Library/Frameworks";
				PRODUCT_NAME = GPGServices;
				WRAPPER_EXTENSION = service;
			};
			name = Release;
		};
		C01FCF4F08A954540054247B /* Debug */ = {
			isa = XCBuildConfiguration;
			buildSettings = {
				ARCHS = "$(ARCHS_STANDARD_32_64_BIT)";
				DEPLOY_RESOURCES_DIR = "$(SRCROOT)/Dependencies/DeployResources";
				GCC_WARN_ABOUT_RETURN_TYPE = YES;
				GCC_WARN_UNUSED_VARIABLE = YES;
				MACOSX_DEPLOYMENT_TARGET = 10.12;
				ONLY_ACTIVE_ARCH = YES;
				OTHER_CFLAGS = (
					"-Xclang",
					"-fobjc-runtime-has-weak",
				);
				SDKROOT = macosx;
			};
			name = Debug;
		};
		C01FCF5008A954540054247B /* Release */ = {
			isa = XCBuildConfiguration;
			buildSettings = {
				ARCHS = "$(ARCHS_STANDARD_32_64_BIT)";
				DEPLOY_RESOURCES_DIR = "$(SRCROOT)/Dependencies/DeployResources";
				GCC_GENERATE_DEBUGGING_SYMBOLS = NO;
				GCC_WARN_ABOUT_RETURN_TYPE = YES;
				GCC_WARN_UNUSED_VARIABLE = YES;
				LLVM_LTO = YES;
				MACOSX_DEPLOYMENT_TARGET = 10.12;
				OTHER_CFLAGS = (
					"-Xclang",
					"-fobjc-runtime-has-weak",
				);
				SDKROOT = macosx;
			};
			name = Release;
		};
/* End XCBuildConfiguration section */

/* Begin XCConfigurationList section */
		C01FCF4A08A954540054247B /* Build configuration list for PBXNativeTarget "GPGServices" */ = {
			isa = XCConfigurationList;
			buildConfigurations = (
				C01FCF4B08A954540054247B /* Debug */,
				C01FCF4C08A954540054247B /* Release */,
			);
			defaultConfigurationIsVisible = 0;
			defaultConfigurationName = Release;
		};
		C01FCF4E08A954540054247B /* Build configuration list for PBXProject "GPGServices" */ = {
			isa = XCConfigurationList;
			buildConfigurations = (
				C01FCF4F08A954540054247B /* Debug */,
				C01FCF5008A954540054247B /* Release */,
			);
			defaultConfigurationIsVisible = 0;
			defaultConfigurationName = Release;
		};
/* End XCConfigurationList section */
	};
	rootObject = 29B97313FDCFA39411CA2CEA /* Project object */;
}
