// !$*UTF8*$!
{
	archiveVersion = 1;
	classes = {
	};
	objectVersion = 42;
	objects = {

/* Begin PBXBuildFile section */
		2260756D12EBA0B50026DBEA /* Icon.icns in Resources */ = {isa = PBXBuildFile; fileRef = 2260756C12EBA0B50026DBEA /* Icon.icns */; };
		2278DFC4133FD70000EE5829 /* ZipKit.framework in Frameworks */ = {isa = PBXBuildFile; fileRef = 8EDC4077133F650800D0A101 /* ZipKit.framework */; };
		2278DFC6133FD70E00EE5829 /* MacGPGME.framework in Frameworks */ = {isa = PBXBuildFile; fileRef = 22CA687B12DFD8D300ED919C /* MacGPGME.framework */; };
		2278DFC7133FD71A00EE5829 /* ZipKit.framework in Copy Frameworks */ = {isa = PBXBuildFile; fileRef = 8EDC4077133F650800D0A101 /* ZipKit.framework */; };
		2278DFC8133FD71E00EE5829 /* MacGPGME.framework in Copy Frameworks */ = {isa = PBXBuildFile; fileRef = 22CA687B12DFD8D300ED919C /* MacGPGME.framework */; };
		22D6D9CB13267E0C00622189 /* RecipientWindowController.m in Sources */ = {isa = PBXBuildFile; fileRef = 22D6D9CA13267E0C00622189 /* RecipientWindowController.m */; };
		3075B42313B3B09D00A73DB8 /* ServicesMenu.strings in Resources */ = {isa = PBXBuildFile; fileRef = 3075B42113B3B09D00A73DB8 /* ServicesMenu.strings */; };
		4B1908C20A4CBF0B00052798 /* GPGServices.m in Sources */ = {isa = PBXBuildFile; fileRef = 4B1908C00A4CBF0B00052798 /* GPGServices.m */; };
		8D11072D0486CEB800E47090 /* main.m in Sources */ = {isa = PBXBuildFile; fileRef = 29B97316FDCFA39411CA2CEA /* main.m */; settings = {ATTRIBUTES = (); }; };
		8D11072F0486CEB800E47090 /* Cocoa.framework in Frameworks */ = {isa = PBXBuildFile; fileRef = 1058C7A1FEA54F0111CA2CBB /* Cocoa.framework */; };
		8E0CE0AA13B3625400390D92 /* Localizable.strings in Resources */ = {isa = PBXBuildFile; fileRef = 8E0CE0AC13B3625400390D92 /* Localizable.strings */; };
		8E0CE0BE13B3665000390D92 /* MainMenu.xib in Resources */ = {isa = PBXBuildFile; fileRef = 8E0CE0C013B3665000390D92 /* MainMenu.xib */; };
		8E0CE0C213B3671400390D92 /* InfoPlist.strings in Resources */ = {isa = PBXBuildFile; fileRef = 8E0CE0C413B3671400390D92 /* InfoPlist.strings */; };
		8E0CE0C613B3674200390D92 /* PrivateKeyChooserWindow.xib in Resources */ = {isa = PBXBuildFile; fileRef = 8E0CE0C813B3674200390D92 /* PrivateKeyChooserWindow.xib */; };
		8E0CE0CA13B3677700390D92 /* RecipientWindow.xib in Resources */ = {isa = PBXBuildFile; fileRef = 8E0CE0CC13B3677700390D92 /* RecipientWindow.xib */; };
		8E0CE0CE13B367AE00390D92 /* VerificationResultsWindow.xib in Resources */ = {isa = PBXBuildFile; fileRef = 8E0CE0D013B367AE00390D92 /* VerificationResultsWindow.xib */; };
		8E1BC428134D013600C1BFD6 /* GPGKey+utils.m in Sources */ = {isa = PBXBuildFile; fileRef = 8E1BC427134D013600C1BFD6 /* GPGKey+utils.m */; };
		8E472FEB1361CED6009462E4 /* ShortcutHandlingFields.m in Sources */ = {isa = PBXBuildFile; fileRef = 8E472FEA1361CED6009462E4 /* ShortcutHandlingFields.m */; };
		8E49AF5C13CDC1E0005600B6 /* IndicatorCell.m in Sources */ = {isa = PBXBuildFile; fileRef = 8E49AF5B13CDC1E0005600B6 /* IndicatorCell.m */; };
		8E49AF6813CDD5A5005600B6 /* VerificationResultsWindow.xib.strings in Resources */ = {isa = PBXBuildFile; fileRef = 8E49AF6613CDD5A5005600B6 /* VerificationResultsWindow.xib.strings */; };
		8E7341A31334BC1C003CBCEB /* Growl Registration Ticket.growlRegDict in Resources */ = {isa = PBXBuildFile; fileRef = 8E7341A11334BC1C003CBCEB /* Growl Registration Ticket.growlRegDict */; };
		8E7341A41334BC1C003CBCEB /* Growl.framework in Frameworks */ = {isa = PBXBuildFile; fileRef = 8E7341A21334BC1C003CBCEB /* Growl.framework */; };
		8E8837C713311F5B0044EFFF /* KeyChooserWindowController.m in Sources */ = {isa = PBXBuildFile; fileRef = 8E8837C613311F5B0044EFFF /* KeyChooserWindowController.m */; };
		8E935E65135128C6004E3E4F /* FileVerificationController.m in Sources */ = {isa = PBXBuildFile; fileRef = 8E935E64135128C6004E3E4F /* FileVerificationController.m */; };
		8EC096F413381AAC00958E8D /* KeyChooserDataSource.m in Sources */ = {isa = PBXBuildFile; fileRef = 8EC096F313381AAC00958E8D /* KeyChooserDataSource.m */; };
		8ED2C28F13CDD8A000638F65 /* MainMenu.xib.strings in Resources */ = {isa = PBXBuildFile; fileRef = 8ED2C28913CDD8A000638F65 /* MainMenu.xib.strings */; };
		8ED2C29013CDD8A000638F65 /* PrivateKeyChooserWindow.xib.strings in Resources */ = {isa = PBXBuildFile; fileRef = 8ED2C28B13CDD8A000638F65 /* PrivateKeyChooserWindow.xib.strings */; };
		8ED2C29113CDD8A000638F65 /* RecipientWindow.xib.strings in Resources */ = {isa = PBXBuildFile; fileRef = 8ED2C28D13CDD8A000638F65 /* RecipientWindow.xib.strings */; };
		8ED7990E135CAB60004C89D5 /* sig.icns in Resources */ = {isa = PBXBuildFile; fileRef = 8ED7990B135CAB60004C89D5 /* sig.icns */; };
		8ED7990F135CAB60004C89D5 /* lock.icns in Resources */ = {isa = PBXBuildFile; fileRef = 8ED7990C135CAB60004C89D5 /* lock.icns */; };
		8ED79910135CAB60004C89D5 /* asc.icns in Resources */ = {isa = PBXBuildFile; fileRef = 8ED7990D135CAB60004C89D5 /* asc.icns */; };
		8EDC40F8133F6C5500D0A101 /* ZipOperation.m in Sources */ = {isa = PBXBuildFile; fileRef = 8EDC40F7133F6C5500D0A101 /* ZipOperation.m */; };
		8EE8998B1348B92B004A3266 /* NSPredicate+negate.m in Sources */ = {isa = PBXBuildFile; fileRef = 8EE8998A1348B92B004A3266 /* NSPredicate+negate.m */; };
		8EF7A61D1334C05300FD8C5B /* Growl.framework in Copy Frameworks */ = {isa = PBXBuildFile; fileRef = 8E7341A21334BC1C003CBCEB /* Growl.framework */; };
		8EFFC2271360FBAC00712940 /* FileVerificationDataSource.m in Sources */ = {isa = PBXBuildFile; fileRef = 8EFFC2261360FBAC00712940 /* FileVerificationDataSource.m */; };
		8EFFC22A1361009400712940 /* DummyVerificationController.m in Sources */ = {isa = PBXBuildFile; fileRef = 8EFFC2291361009400712940 /* DummyVerificationController.m */; };
/* End PBXBuildFile section */

/* Begin PBXContainerItemProxy section */
		22CA687A12DFD8D300ED919C /* PBXContainerItemProxy */ = {
			isa = PBXContainerItemProxy;
			containerPortal = 22CA686F12DFD8D300ED919C /* MacGPGME.xcodeproj */;
			proxyType = 2;
			remoteGlobalIDString = 554B55C0069F0111005E1C92;
			remoteInfo = MacGPGME;
		};
		22CA687C12DFD8D300ED919C /* PBXContainerItemProxy */ = {
			isa = PBXContainerItemProxy;
			containerPortal = 22CA686F12DFD8D300ED919C /* MacGPGME.xcodeproj */;
			proxyType = 2;
			remoteGlobalIDString = 554B55EB069F0245005E1C92;
			remoteInfo = GPGTester;
		};
		22CA687E12DFD8D300ED919C /* PBXContainerItemProxy */ = {
			isa = PBXContainerItemProxy;
			containerPortal = 22CA686F12DFD8D300ED919C /* MacGPGME.xcodeproj */;
			proxyType = 2;
			remoteGlobalIDString = 551DF42B0B2886420061FE17;
			remoteInfo = MacGPGMETesting;
		};
		22CA699312DFD9A800ED919C /* PBXContainerItemProxy */ = {
			isa = PBXContainerItemProxy;
			containerPortal = 22CA686F12DFD8D300ED919C /* MacGPGME.xcodeproj */;
			proxyType = 1;
			remoteGlobalIDString = 554B558F069F0111005E1C92;
			remoteInfo = MacGPGME;
		};
		8EDC4076133F650800D0A101 /* PBXContainerItemProxy */ = {
			isa = PBXContainerItemProxy;
			containerPortal = 8EDC405B133F650800D0A101 /* ZipKit.xcodeproj */;
			proxyType = 2;
			remoteGlobalIDString = 8DC2EF5B0486A6940098B216;
			remoteInfo = ZipKit;
		};
		8EDC4078133F650800D0A101 /* PBXContainerItemProxy */ = {
			isa = PBXContainerItemProxy;
			containerPortal = 8EDC405B133F650800D0A101 /* ZipKit.xcodeproj */;
			proxyType = 2;
			remoteGlobalIDString = CB9B9CB6109F665C003E3F8B;
			remoteInfo = zipkit;
		};
		8EDC407A133F650800D0A101 /* PBXContainerItemProxy */ = {
			isa = PBXContainerItemProxy;
			containerPortal = 8EDC405B133F650800D0A101 /* ZipKit.xcodeproj */;
			proxyType = 2;
			remoteGlobalIDString = CB9B9CEE109F6769003E3F8B;
			remoteInfo = touchzipkit;
		};
		8EDC40F3133F6B3E00D0A101 /* PBXContainerItemProxy */ = {
			isa = PBXContainerItemProxy;
			containerPortal = 8EDC405B133F650800D0A101 /* ZipKit.xcodeproj */;
			proxyType = 1;
			remoteGlobalIDString = 8DC2EF4F0486A6940098B216;
			remoteInfo = ZipKit;
		};
/* End PBXContainerItemProxy section */

/* Begin PBXCopyFilesBuildPhase section */
		4B1906FF0A4CBD8A00052798 /* Copy Frameworks */ = {
			isa = PBXCopyFilesBuildPhase;
			buildActionMask = 2147483647;
			dstPath = "";
			dstSubfolderSpec = 10;
			files = (
				2278DFC8133FD71E00EE5829 /* MacGPGME.framework in Copy Frameworks */,
				2278DFC7133FD71A00EE5829 /* ZipKit.framework in Copy Frameworks */,
				8EF7A61D1334C05300FD8C5B /* Growl.framework in Copy Frameworks */,
			);
			name = "Copy Frameworks";
			runOnlyForDeploymentPostprocessing = 0;
		};
/* End PBXCopyFilesBuildPhase section */

/* Begin PBXFileReference section */
		1058C7A1FEA54F0111CA2CBB /* Cocoa.framework */ = {isa = PBXFileReference; lastKnownFileType = wrapper.framework; name = Cocoa.framework; path = /System/Library/Frameworks/Cocoa.framework; sourceTree = "<absolute>"; };
		13E42FB307B3F0F600E4EEF1 /* CoreData.framework */ = {isa = PBXFileReference; lastKnownFileType = wrapper.framework; name = CoreData.framework; path = /System/Library/Frameworks/CoreData.framework; sourceTree = "<absolute>"; };
		2260756C12EBA0B50026DBEA /* Icon.icns */ = {isa = PBXFileReference; lastKnownFileType = image.png; name = Icon.icns; path = Resources/Images/Icon.icns; sourceTree = "<group>"; };
		22CA686F12DFD8D300ED919C /* MacGPGME.xcodeproj */ = {isa = PBXFileReference; lastKnownFileType = "wrapper.pb-project"; name = MacGPGME.xcodeproj; path = Dependencies/MacGPGME/MacGPGME.xcodeproj; sourceTree = "<group>"; };
		22D6D9C913267E0C00622189 /* RecipientWindowController.h */ = {isa = PBXFileReference; fileEncoding = 4; lastKnownFileType = sourcecode.c.h; name = RecipientWindowController.h; path = Source/RecipientWindowController.h; sourceTree = "<group>"; };
		22D6D9CA13267E0C00622189 /* RecipientWindowController.m */ = {isa = PBXFileReference; fileEncoding = 4; lastKnownFileType = sourcecode.c.objc; name = RecipientWindowController.m; path = Source/RecipientWindowController.m; sourceTree = "<group>"; };
		29B97316FDCFA39411CA2CEA /* main.m */ = {isa = PBXFileReference; fileEncoding = 4; lastKnownFileType = sourcecode.c.objc; name = main.m; path = Source/main.m; sourceTree = "<group>"; };
		29B97324FDCFA39411CA2CEA /* AppKit.framework */ = {isa = PBXFileReference; lastKnownFileType = wrapper.framework; name = AppKit.framework; path = /System/Library/Frameworks/AppKit.framework; sourceTree = "<absolute>"; };
		29B97325FDCFA39411CA2CEA /* Foundation.framework */ = {isa = PBXFileReference; lastKnownFileType = wrapper.framework; name = Foundation.framework; path = /System/Library/Frameworks/Foundation.framework; sourceTree = "<absolute>"; };
		3075B42213B3B09D00A73DB8 /* de */ = {isa = PBXFileReference; fileEncoding = 4; lastKnownFileType = text.plist.strings; name = de; path = Resources/de.lproj/ServicesMenu.strings; sourceTree = "<group>"; };
		3075B42413B3B25700A73DB8 /* en */ = {isa = PBXFileReference; fileEncoding = 4; lastKnownFileType = text.plist.strings; name = en; path = Resources/en.lproj/ServicesMenu.strings; sourceTree = "<group>"; };
		32CA4F630368D1EE00C91783 /* GPGServices_Prefix.pch */ = {isa = PBXFileReference; fileEncoding = 4; lastKnownFileType = sourcecode.c.h; name = GPGServices_Prefix.pch; path = Source/GPGServices_Prefix.pch; sourceTree = "<group>"; };
		4B1908BF0A4CBF0B00052798 /* GPGServices.h */ = {isa = PBXFileReference; fileEncoding = 4; lastKnownFileType = sourcecode.c.h; name = GPGServices.h; path = Source/GPGServices.h; sourceTree = "<group>"; };
		4B1908C00A4CBF0B00052798 /* GPGServices.m */ = {isa = PBXFileReference; fileEncoding = 4; lastKnownFileType = sourcecode.c.objc; name = GPGServices.m; path = Source/GPGServices.m; sourceTree = "<group>"; };
		8D1107310486CEB800E47090 /* Info.plist */ = {isa = PBXFileReference; fileEncoding = 4; lastKnownFileType = text.plist; name = Info.plist; path = Resources/Info.plist; sourceTree = "<group>"; };
		8D1107320486CEB800E47090 /* GPGServices.service */ = {isa = PBXFileReference; explicitFileType = wrapper.application; includeInIndex = 0; path = GPGServices.service; sourceTree = BUILT_PRODUCTS_DIR; };
		8E0CE06F13B354AF00390D92 /* LocalizationTools.h */ = {isa = PBXFileReference; fileEncoding = 4; lastKnownFileType = sourcecode.c.h; path = LocalizationTools.h; sourceTree = "<group>"; };
		8E0CE0AB13B3625400390D92 /* en */ = {isa = PBXFileReference; fileEncoding = 4; lastKnownFileType = text.plist.strings; name = en; path = en.lproj/Localizable.strings; sourceTree = "<group>"; };
		8E0CE0AD13B3625A00390D92 /* de */ = {isa = PBXFileReference; fileEncoding = 4; lastKnownFileType = text.plist.strings; name = de; path = de.lproj/Localizable.strings; sourceTree = "<group>"; };
		8E0CE0BF13B3665000390D92 /* en */ = {isa = PBXFileReference; lastKnownFileType = file.xib; name = en; path = en.lproj/MainMenu.xib; sourceTree = "<group>"; };
		8E0CE0C113B3665700390D92 /* de */ = {isa = PBXFileReference; lastKnownFileType = file.xib; name = de; path = de.lproj/MainMenu.xib; sourceTree = "<group>"; };
		8E0CE0C313B3671400390D92 /* en */ = {isa = PBXFileReference; fileEncoding = 4; lastKnownFileType = text.plist.strings; name = en; path = en.lproj/InfoPlist.strings; sourceTree = "<group>"; };
		8E0CE0C513B3672900390D92 /* de */ = {isa = PBXFileReference; fileEncoding = 4; lastKnownFileType = text.plist.strings; name = de; path = de.lproj/InfoPlist.strings; sourceTree = "<group>"; };
		8E0CE0C713B3674200390D92 /* en */ = {isa = PBXFileReference; lastKnownFileType = file.xib; name = en; path = en.lproj/PrivateKeyChooserWindow.xib; sourceTree = "<group>"; };
		8E0CE0C913B3675300390D92 /* de */ = {isa = PBXFileReference; lastKnownFileType = file.xib; name = de; path = de.lproj/PrivateKeyChooserWindow.xib; sourceTree = "<group>"; };
		8E0CE0CB13B3677700390D92 /* en */ = {isa = PBXFileReference; lastKnownFileType = file.xib; name = en; path = en.lproj/RecipientWindow.xib; sourceTree = "<group>"; };
		8E0CE0CD13B3678000390D92 /* de */ = {isa = PBXFileReference; lastKnownFileType = file.xib; name = de; path = de.lproj/RecipientWindow.xib; sourceTree = "<group>"; };
		8E0CE0CF13B367AE00390D92 /* en */ = {isa = PBXFileReference; lastKnownFileType = file.xib; name = en; path = en.lproj/VerificationResultsWindow.xib; sourceTree = "<group>"; };
		8E0CE0D113B367B900390D92 /* de */ = {isa = PBXFileReference; lastKnownFileType = file.xib; name = de; path = de.lproj/VerificationResultsWindow.xib; sourceTree = "<group>"; };
		8E1BC426134D013600C1BFD6 /* GPGKey+utils.h */ = {isa = PBXFileReference; fileEncoding = 4; lastKnownFileType = sourcecode.c.h; name = "GPGKey+utils.h"; path = "Source/GPGKey+utils.h"; sourceTree = "<group>"; };
		8E1BC427134D013600C1BFD6 /* GPGKey+utils.m */ = {isa = PBXFileReference; fileEncoding = 4; lastKnownFileType = sourcecode.c.objc; name = "GPGKey+utils.m"; path = "Source/GPGKey+utils.m"; sourceTree = "<group>"; };
		8E472FE91361CED5009462E4 /* ShortcutHandlingFields.h */ = {isa = PBXFileReference; fileEncoding = 4; lastKnownFileType = sourcecode.c.h; name = ShortcutHandlingFields.h; path = Source/ShortcutHandlingFields.h; sourceTree = "<group>"; };
		8E472FEA1361CED6009462E4 /* ShortcutHandlingFields.m */ = {isa = PBXFileReference; fileEncoding = 4; lastKnownFileType = sourcecode.c.objc; name = ShortcutHandlingFields.m; path = Source/ShortcutHandlingFields.m; sourceTree = "<group>"; };
		8E49AF5A13CDC1E0005600B6 /* IndicatorCell.h */ = {isa = PBXFileReference; fileEncoding = 4; lastKnownFileType = sourcecode.c.h; path = IndicatorCell.h; sourceTree = "<group>"; };
		8E49AF5B13CDC1E0005600B6 /* IndicatorCell.m */ = {isa = PBXFileReference; fileEncoding = 4; lastKnownFileType = sourcecode.c.objc; path = IndicatorCell.m; sourceTree = "<group>"; };
		8E49AF6713CDD5A5005600B6 /* en */ = {isa = PBXFileReference; lastKnownFileType = text.plist.strings; name = en; path = Resources/en.lproj/VerificationResultsWindow.xib.strings; sourceTree = "<group>"; };
		8E49AF6A13CDD5EA005600B6 /* de */ = {isa = PBXFileReference; fileEncoding = 10; lastKnownFileType = text.plist.strings; name = de; path = Resources/de.lproj/VerificationResultsWindow.xib.strings; sourceTree = "<group>"; };
		8E7341A11334BC1C003CBCEB /* Growl Registration Ticket.growlRegDict */ = {isa = PBXFileReference; fileEncoding = 4; lastKnownFileType = text.xml; name = "Growl Registration Ticket.growlRegDict"; path = "Resources/Growl Registration Ticket.growlRegDict"; sourceTree = "<group>"; };
		8E7341A21334BC1C003CBCEB /* Growl.framework */ = {isa = PBXFileReference; lastKnownFileType = wrapper.framework; name = Growl.framework; path = Frameworks/Growl.framework; sourceTree = "<group>"; };
		8E8837C513311F5B0044EFFF /* KeyChooserWindowController.h */ = {isa = PBXFileReference; fileEncoding = 4; lastKnownFileType = sourcecode.c.h; name = KeyChooserWindowController.h; path = Source/KeyChooserWindowController.h; sourceTree = "<group>"; };
		8E8837C613311F5B0044EFFF /* KeyChooserWindowController.m */ = {isa = PBXFileReference; fileEncoding = 4; lastKnownFileType = sourcecode.c.objc; name = KeyChooserWindowController.m; path = Source/KeyChooserWindowController.m; sourceTree = "<group>"; };
		8E935E63135128C6004E3E4F /* FileVerificationController.h */ = {isa = PBXFileReference; fileEncoding = 4; lastKnownFileType = sourcecode.c.h; name = FileVerificationController.h; path = Source/FileVerificationController.h; sourceTree = "<group>"; };
		8E935E64135128C6004E3E4F /* FileVerificationController.m */ = {isa = PBXFileReference; fileEncoding = 4; lastKnownFileType = sourcecode.c.objc; name = FileVerificationController.m; path = Source/FileVerificationController.m; sourceTree = "<group>"; };
		8EC096F213381AAC00958E8D /* KeyChooserDataSource.h */ = {isa = PBXFileReference; fileEncoding = 4; lastKnownFileType = sourcecode.c.h; name = KeyChooserDataSource.h; path = Source/KeyChooserDataSource.h; sourceTree = "<group>"; };
		8EC096F313381AAC00958E8D /* KeyChooserDataSource.m */ = {isa = PBXFileReference; fileEncoding = 4; lastKnownFileType = sourcecode.c.objc; name = KeyChooserDataSource.m; path = Source/KeyChooserDataSource.m; sourceTree = "<group>"; };
		8ED2C28A13CDD8A000638F65 /* en */ = {isa = PBXFileReference; lastKnownFileType = text.plist.strings; name = en; path = Resources/en.lproj/MainMenu.xib.strings; sourceTree = "<group>"; };
		8ED2C28C13CDD8A000638F65 /* en */ = {isa = PBXFileReference; lastKnownFileType = text.plist.strings; name = en; path = Resources/en.lproj/PrivateKeyChooserWindow.xib.strings; sourceTree = "<group>"; };
		8ED2C28E13CDD8A000638F65 /* en */ = {isa = PBXFileReference; lastKnownFileType = text.plist.strings; name = en; path = Resources/en.lproj/RecipientWindow.xib.strings; sourceTree = "<group>"; };
		8ED2C29213CDD8AF00638F65 /* de */ = {isa = PBXFileReference; lastKnownFileType = text.plist.strings; name = de; path = Resources/de.lproj/MainMenu.xib.strings; sourceTree = "<group>"; };
		8ED2C29313CDD8B900638F65 /* de */ = {isa = PBXFileReference; lastKnownFileType = text.plist.strings; name = de; path = Resources/de.lproj/PrivateKeyChooserWindow.xib.strings; sourceTree = "<group>"; };
		8ED2C29413CDD8BC00638F65 /* de */ = {isa = PBXFileReference; lastKnownFileType = text.plist.strings; name = de; path = Resources/de.lproj/RecipientWindow.xib.strings; sourceTree = "<group>"; };
		8ED7990B135CAB60004C89D5 /* sig.icns */ = {isa = PBXFileReference; lastKnownFileType = image.icns; name = sig.icns; path = Resources/Images/sig.icns; sourceTree = "<group>"; };
		8ED7990C135CAB60004C89D5 /* lock.icns */ = {isa = PBXFileReference; lastKnownFileType = image.icns; name = lock.icns; path = Resources/Images/lock.icns; sourceTree = "<group>"; };
		8ED7990D135CAB60004C89D5 /* asc.icns */ = {isa = PBXFileReference; lastKnownFileType = image.icns; name = asc.icns; path = Resources/Images/asc.icns; sourceTree = "<group>"; };
		8EDC405B133F650800D0A101 /* ZipKit.xcodeproj */ = {isa = PBXFileReference; lastKnownFileType = "wrapper.pb-project"; name = ZipKit.xcodeproj; path = Dependencies/zipkit/ZipKit.xcodeproj; sourceTree = "<group>"; };
		8EDC40F6133F6C5500D0A101 /* ZipOperation.h */ = {isa = PBXFileReference; fileEncoding = 4; lastKnownFileType = sourcecode.c.h; name = ZipOperation.h; path = Source/ZipOperation.h; sourceTree = "<group>"; };
		8EDC40F7133F6C5500D0A101 /* ZipOperation.m */ = {isa = PBXFileReference; fileEncoding = 4; lastKnownFileType = sourcecode.c.objc; name = ZipOperation.m; path = Source/ZipOperation.m; sourceTree = "<group>"; };
		8EE899891348B92B004A3266 /* NSPredicate+negate.h */ = {isa = PBXFileReference; fileEncoding = 4; lastKnownFileType = sourcecode.c.h; name = "NSPredicate+negate.h"; path = "Source/NSPredicate+negate.h"; sourceTree = "<group>"; };
		8EE8998A1348B92B004A3266 /* NSPredicate+negate.m */ = {isa = PBXFileReference; fileEncoding = 4; lastKnownFileType = sourcecode.c.objc; name = "NSPredicate+negate.m"; path = "Source/NSPredicate+negate.m"; sourceTree = "<group>"; };
		8EFFC2251360FBAC00712940 /* FileVerificationDataSource.h */ = {isa = PBXFileReference; fileEncoding = 4; lastKnownFileType = sourcecode.c.h; name = FileVerificationDataSource.h; path = Source/FileVerificationDataSource.h; sourceTree = "<group>"; };
		8EFFC2261360FBAC00712940 /* FileVerificationDataSource.m */ = {isa = PBXFileReference; fileEncoding = 4; lastKnownFileType = sourcecode.c.objc; name = FileVerificationDataSource.m; path = Source/FileVerificationDataSource.m; sourceTree = "<group>"; };
		8EFFC2281361009400712940 /* DummyVerificationController.h */ = {isa = PBXFileReference; fileEncoding = 4; lastKnownFileType = sourcecode.c.h; name = DummyVerificationController.h; path = Source/DummyVerificationController.h; sourceTree = "<group>"; };
		8EFFC2291361009400712940 /* DummyVerificationController.m */ = {isa = PBXFileReference; fileEncoding = 4; lastKnownFileType = sourcecode.c.objc; name = DummyVerificationController.m; path = Source/DummyVerificationController.m; sourceTree = "<group>"; };
/* End PBXFileReference section */

/* Begin PBXFrameworksBuildPhase section */
		8D11072E0486CEB800E47090 /* Frameworks */ = {
			isa = PBXFrameworksBuildPhase;
			buildActionMask = 2147483647;
			files = (
				2278DFC6133FD70E00EE5829 /* MacGPGME.framework in Frameworks */,
				2278DFC4133FD70000EE5829 /* ZipKit.framework in Frameworks */,
				8D11072F0486CEB800E47090 /* Cocoa.framework in Frameworks */,
				8E7341A41334BC1C003CBCEB /* Growl.framework in Frameworks */,
			);
			runOnlyForDeploymentPostprocessing = 0;
		};
/* End PBXFrameworksBuildPhase section */

/* Begin PBXGroup section */
		080E96DDFE201D6D7F000001 /* Classes */ = {
			isa = PBXGroup;
			children = (
				8E1BC3D6134B977500C1BFD6 /* UI Classes */,
				4B1908BF0A4CBF0B00052798 /* GPGServices.h */,
				4B1908C00A4CBF0B00052798 /* GPGServices.m */,
				8EDC40F6133F6C5500D0A101 /* ZipOperation.h */,
				8EDC40F7133F6C5500D0A101 /* ZipOperation.m */,
				8EE899891348B92B004A3266 /* NSPredicate+negate.h */,
				8E1BC426134D013600C1BFD6 /* GPGKey+utils.h */,
				8E1BC427134D013600C1BFD6 /* GPGKey+utils.m */,
				8EE8998A1348B92B004A3266 /* NSPredicate+negate.m */,
			);
			name = Classes;
			sourceTree = "<group>";
		};
		1058C7A0FEA54F0111CA2CBB /* Linked Frameworks */ = {
			isa = PBXGroup;
			children = (
				8E7341A21334BC1C003CBCEB /* Growl.framework */,
				1058C7A1FEA54F0111CA2CBB /* Cocoa.framework */,
			);
			name = "Linked Frameworks";
			sourceTree = "<group>";
		};
		1058C7A2FEA54F0111CA2CBB /* Other Frameworks */ = {
			isa = PBXGroup;
			children = (
				29B97324FDCFA39411CA2CEA /* AppKit.framework */,
				13E42FB307B3F0F600E4EEF1 /* CoreData.framework */,
				29B97325FDCFA39411CA2CEA /* Foundation.framework */,
			);
			name = "Other Frameworks";
			sourceTree = "<group>";
		};
		19C28FACFE9D520D11CA2CBB /* Products */ = {
			isa = PBXGroup;
			children = (
				8D1107320486CEB800E47090 /* GPGServices.service */,
			);
			name = Products;
			sourceTree = "<group>";
		};
		22CA686C12DFD8B400ED919C /* Dependencies */ = {
			isa = PBXGroup;
			children = (
				22CA686F12DFD8D300ED919C /* MacGPGME.xcodeproj */,
				8EDC405B133F650800D0A101 /* ZipKit.xcodeproj */,
			);
			name = Dependencies;
			sourceTree = "<group>";
		};
		22CA687012DFD8D300ED919C /* Products */ = {
			isa = PBXGroup;
			children = (
				22CA687B12DFD8D300ED919C /* MacGPGME.framework */,
				22CA687D12DFD8D300ED919C /* GPGTester.app */,
				22CA687F12DFD8D300ED919C /* MacGPGMETesting.octest */,
			);
			name = Products;
			sourceTree = "<group>";
		};
		29B97314FDCFA39411CA2CEA /* GPGServices */ = {
			isa = PBXGroup;
			children = (
				22CA686C12DFD8B400ED919C /* Dependencies */,
				080E96DDFE201D6D7F000001 /* Classes */,
				29B97315FDCFA39411CA2CEA /* Other Sources */,
				29B97317FDCFA39411CA2CEA /* Resources */,
				29B97323FDCFA39411CA2CEA /* Frameworks */,
				19C28FACFE9D520D11CA2CBB /* Products */,
			);
			name = GPGServices;
			sourceTree = "<group>";
		};
		29B97315FDCFA39411CA2CEA /* Other Sources */ = {
			isa = PBXGroup;
			children = (
				32CA4F630368D1EE00C91783 /* GPGServices_Prefix.pch */,
				29B97316FDCFA39411CA2CEA /* main.m */,
				8E0CE06F13B354AF00390D92 /* LocalizationTools.h */,
			);
			name = "Other Sources";
			sourceTree = "<group>";
		};
		29B97317FDCFA39411CA2CEA /* Resources */ = {
			isa = PBXGroup;
			children = (
				8ED2C28913CDD8A000638F65 /* MainMenu.xib.strings */,
				8ED2C28B13CDD8A000638F65 /* PrivateKeyChooserWindow.xib.strings */,
				8ED2C28D13CDD8A000638F65 /* RecipientWindow.xib.strings */,
				3075B42113B3B09D00A73DB8 /* ServicesMenu.strings */,
				8E0CE0C413B3671400390D92 /* InfoPlist.strings */,
				8E0CE0C013B3665000390D92 /* MainMenu.xib */,
				8E0CE0C813B3674200390D92 /* PrivateKeyChooserWindow.xib */,
				8E0CE0CC13B3677700390D92 /* RecipientWindow.xib */,
				8E0CE0D013B367AE00390D92 /* VerificationResultsWindow.xib */,
				8E49AF6613CDD5A5005600B6 /* VerificationResultsWindow.xib.strings */,
				8D1107310486CEB800E47090 /* Info.plist */,
				2260756C12EBA0B50026DBEA /* Icon.icns */,
				8ED7990D135CAB60004C89D5 /* asc.icns */,
				8ED7990C135CAB60004C89D5 /* lock.icns */,
				8ED7990B135CAB60004C89D5 /* sig.icns */,
				8E7341A11334BC1C003CBCEB /* Growl Registration Ticket.growlRegDict */,
				8E0CE0AC13B3625400390D92 /* Localizable.strings */,
			);
			name = Resources;
			sourceTree = "<group>";
		};
		29B97323FDCFA39411CA2CEA /* Frameworks */ = {
			isa = PBXGroup;
			children = (
				1058C7A0FEA54F0111CA2CBB /* Linked Frameworks */,
				1058C7A2FEA54F0111CA2CBB /* Other Frameworks */,
			);
			name = Frameworks;
			sourceTree = "<group>";
		};
		8E1BC3D6134B977500C1BFD6 /* UI Classes */ = {
			isa = PBXGroup;
			children = (
				8EC096F213381AAC00958E8D /* KeyChooserDataSource.h */,
				8EC096F313381AAC00958E8D /* KeyChooserDataSource.m */,
				8E8837C513311F5B0044EFFF /* KeyChooserWindowController.h */,
				8E8837C613311F5B0044EFFF /* KeyChooserWindowController.m */,
				22D6D9C913267E0C00622189 /* RecipientWindowController.h */,
				22D6D9CA13267E0C00622189 /* RecipientWindowController.m */,
				8E935E63135128C6004E3E4F /* FileVerificationController.h */,
				8E935E64135128C6004E3E4F /* FileVerificationController.m */,
				8EFFC2251360FBAC00712940 /* FileVerificationDataSource.h */,
				8EFFC2261360FBAC00712940 /* FileVerificationDataSource.m */,
				8EFFC2281361009400712940 /* DummyVerificationController.h */,
				8EFFC2291361009400712940 /* DummyVerificationController.m */,
				8E472FE91361CED5009462E4 /* ShortcutHandlingFields.h */,
				8E472FEA1361CED6009462E4 /* ShortcutHandlingFields.m */,
				8E49AF5A13CDC1E0005600B6 /* IndicatorCell.h */,
				8E49AF5B13CDC1E0005600B6 /* IndicatorCell.m */,
			);
			name = "UI Classes";
			sourceTree = "<group>";
		};
		8EDC405C133F650800D0A101 /* Products */ = {
			isa = PBXGroup;
			children = (
				8EDC4077133F650800D0A101 /* ZipKit.framework */,
				8EDC4079133F650800D0A101 /* libzipkit.a */,
				8EDC407B133F650800D0A101 /* libtouchzipkit.a */,
			);
			name = Products;
			sourceTree = "<group>";
		};
/* End PBXGroup section */

/* Begin PBXNativeTarget section */
		8D1107260486CEB800E47090 /* GPGServices */ = {
			isa = PBXNativeTarget;
			buildConfigurationList = C01FCF4A08A954540054247B /* Build configuration list for PBXNativeTarget "GPGServices" */;
			buildPhases = (
				8E49AF6513CDD419005600B6 /* ShellScript */,
				8D1107290486CEB800E47090 /* Resources */,
				8D11072C0486CEB800E47090 /* Sources */,
				8D11072E0486CEB800E47090 /* Frameworks */,
				4B1906FF0A4CBD8A00052798 /* Copy Frameworks */,
			);
			buildRules = (
			);
			dependencies = (
				8EDC40F4133F6B3E00D0A101 /* PBXTargetDependency */,
				22CA699412DFD9A800ED919C /* PBXTargetDependency */,
			);
			name = GPGServices;
			productInstallPath = "$(HOME)/Applications";
			productName = GPGServices;
			productReference = 8D1107320486CEB800E47090 /* GPGServices.service */;
			productType = "com.apple.product-type.application";
		};
/* End PBXNativeTarget section */

/* Begin PBXProject section */
		29B97313FDCFA39411CA2CEA /* Project object */ = {
			isa = PBXProject;
			buildConfigurationList = C01FCF4E08A954540054247B /* Build configuration list for PBXProject "GPGServices" */;
			compatibilityVersion = "Xcode 2.4";
			developmentRegion = English;
			hasScannedForEncodings = 1;
			knownRegions = (
				English,
				Japanese,
				French,
				German,
				de,
				en,
			);
			mainGroup = 29B97314FDCFA39411CA2CEA /* GPGServices */;
			projectDirPath = "";
			projectReferences = (
				{
					ProductGroup = 22CA687012DFD8D300ED919C /* Products */;
					ProjectRef = 22CA686F12DFD8D300ED919C /* MacGPGME.xcodeproj */;
				},
				{
					ProductGroup = 8EDC405C133F650800D0A101 /* Products */;
					ProjectRef = 8EDC405B133F650800D0A101 /* ZipKit.xcodeproj */;
				},
			);
			projectRoot = "";
			targets = (
				8D1107260486CEB800E47090 /* GPGServices */,
			);
		};
/* End PBXProject section */

/* Begin PBXReferenceProxy section */
		22CA687B12DFD8D300ED919C /* MacGPGME.framework */ = {
			isa = PBXReferenceProxy;
			fileType = wrapper.framework;
			path = MacGPGME.framework;
			remoteRef = 22CA687A12DFD8D300ED919C /* PBXContainerItemProxy */;
			sourceTree = BUILT_PRODUCTS_DIR;
		};
		22CA687D12DFD8D300ED919C /* GPGTester.app */ = {
			isa = PBXReferenceProxy;
			fileType = wrapper.application;
			path = GPGTester.app;
			remoteRef = 22CA687C12DFD8D300ED919C /* PBXContainerItemProxy */;
			sourceTree = BUILT_PRODUCTS_DIR;
		};
		22CA687F12DFD8D300ED919C /* MacGPGMETesting.octest */ = {
			isa = PBXReferenceProxy;
			fileType = wrapper.cfbundle;
			path = MacGPGMETesting.octest;
			remoteRef = 22CA687E12DFD8D300ED919C /* PBXContainerItemProxy */;
			sourceTree = BUILT_PRODUCTS_DIR;
		};
		8EDC4077133F650800D0A101 /* ZipKit.framework */ = {
			isa = PBXReferenceProxy;
			fileType = wrapper.framework;
			path = ZipKit.framework;
			remoteRef = 8EDC4076133F650800D0A101 /* PBXContainerItemProxy */;
			sourceTree = BUILT_PRODUCTS_DIR;
		};
		8EDC4079133F650800D0A101 /* libzipkit.a */ = {
			isa = PBXReferenceProxy;
			fileType = archive.ar;
			path = libzipkit.a;
			remoteRef = 8EDC4078133F650800D0A101 /* PBXContainerItemProxy */;
			sourceTree = BUILT_PRODUCTS_DIR;
		};
		8EDC407B133F650800D0A101 /* libtouchzipkit.a */ = {
			isa = PBXReferenceProxy;
			fileType = archive.ar;
			path = libtouchzipkit.a;
			remoteRef = 8EDC407A133F650800D0A101 /* PBXContainerItemProxy */;
			sourceTree = BUILT_PRODUCTS_DIR;
		};
/* End PBXReferenceProxy section */

/* Begin PBXResourcesBuildPhase section */
		8D1107290486CEB800E47090 /* Resources */ = {
			isa = PBXResourcesBuildPhase;
			buildActionMask = 2147483647;
			files = (
				2260756D12EBA0B50026DBEA /* Icon.icns in Resources */,
				8E7341A31334BC1C003CBCEB /* Growl Registration Ticket.growlRegDict in Resources */,
				8ED7990E135CAB60004C89D5 /* sig.icns in Resources */,
				8ED7990F135CAB60004C89D5 /* lock.icns in Resources */,
				8ED79910135CAB60004C89D5 /* asc.icns in Resources */,
				8E0CE0AA13B3625400390D92 /* Localizable.strings in Resources */,
				8E0CE0C213B3671400390D92 /* InfoPlist.strings in Resources */,
				8E0CE0BE13B3665000390D92 /* MainMenu.xib in Resources */,
				8E0CE0C613B3674200390D92 /* PrivateKeyChooserWindow.xib in Resources */,
				8E0CE0CA13B3677700390D92 /* RecipientWindow.xib in Resources */,
				8E0CE0CE13B367AE00390D92 /* VerificationResultsWindow.xib in Resources */,
				3075B42313B3B09D00A73DB8 /* ServicesMenu.strings in Resources */,
				8E49AF6813CDD5A5005600B6 /* VerificationResultsWindow.xib.strings in Resources */,
				8ED2C28F13CDD8A000638F65 /* MainMenu.xib.strings in Resources */,
				8ED2C29013CDD8A000638F65 /* PrivateKeyChooserWindow.xib.strings in Resources */,
				8ED2C29113CDD8A000638F65 /* RecipientWindow.xib.strings in Resources */,
			);
			runOnlyForDeploymentPostprocessing = 0;
		};
/* End PBXResourcesBuildPhase section */

/* Begin PBXShellScriptBuildPhase section */
		8E49AF6513CDD419005600B6 /* ShellScript */ = {
			isa = PBXShellScriptBuildPhase;
			buildActionMask = 2147483647;
			files = (
			);
			inputPaths = (
			);
			outputPaths = (
			);
			runOnlyForDeploymentPostprocessing = 0;
			shellPath = /bin/sh;
			shellScript = "pushd $SRCROOT > /dev/null\n\necho \"Localize VerificationResultsWindow.xib\"\n./localizeXIB Resources/en.lproj/VerificationResultsWindow.xib de\n\necho \"Localize PrivateKeyChooserWindow.xib\"\n./localizeXIB Resources/en.lproj/PrivateKeyChooserWindow.xib de\n\necho \"Localize MainMenu.xib\"\n./localizeXIB Resources/en.lproj/MainMenu.xib de\n\necho \"Localize RecipientWindow.xib\"\n./localizeXIB Resources/en.lproj/RecipientWindow.xib de\n\n\npopd > /dev/null\n";
		};
/* End PBXShellScriptBuildPhase section */

/* Begin PBXSourcesBuildPhase section */
		8D11072C0486CEB800E47090 /* Sources */ = {
			isa = PBXSourcesBuildPhase;
			buildActionMask = 2147483647;
			files = (
				8D11072D0486CEB800E47090 /* main.m in Sources */,
				4B1908C20A4CBF0B00052798 /* GPGServices.m in Sources */,
				22D6D9CB13267E0C00622189 /* RecipientWindowController.m in Sources */,
				8E8837C713311F5B0044EFFF /* KeyChooserWindowController.m in Sources */,
				8EC096F413381AAC00958E8D /* KeyChooserDataSource.m in Sources */,
				8EDC40F8133F6C5500D0A101 /* ZipOperation.m in Sources */,
				8EE8998B1348B92B004A3266 /* NSPredicate+negate.m in Sources */,
				8E1BC428134D013600C1BFD6 /* GPGKey+utils.m in Sources */,
				8E935E65135128C6004E3E4F /* FileVerificationController.m in Sources */,
				8EFFC2271360FBAC00712940 /* FileVerificationDataSource.m in Sources */,
				8EFFC22A1361009400712940 /* DummyVerificationController.m in Sources */,
				8E472FEB1361CED6009462E4 /* ShortcutHandlingFields.m in Sources */,
				8E49AF5C13CDC1E0005600B6 /* IndicatorCell.m in Sources */,
			);
			runOnlyForDeploymentPostprocessing = 0;
		};
/* End PBXSourcesBuildPhase section */

/* Begin PBXTargetDependency section */
		22CA699412DFD9A800ED919C /* PBXTargetDependency */ = {
			isa = PBXTargetDependency;
			name = MacGPGME;
			targetProxy = 22CA699312DFD9A800ED919C /* PBXContainerItemProxy */;
		};
		8EDC40F4133F6B3E00D0A101 /* PBXTargetDependency */ = {
			isa = PBXTargetDependency;
			name = ZipKit;
			targetProxy = 8EDC40F3133F6B3E00D0A101 /* PBXContainerItemProxy */;
		};
/* End PBXTargetDependency section */

/* Begin PBXVariantGroup section */
		3075B42113B3B09D00A73DB8 /* ServicesMenu.strings */ = {
			isa = PBXVariantGroup;
			children = (
				3075B42213B3B09D00A73DB8 /* de */,
				3075B42413B3B25700A73DB8 /* en */,
			);
			name = ServicesMenu.strings;
			sourceTree = "<group>";
		};
		8E0CE0AC13B3625400390D92 /* Localizable.strings */ = {
			isa = PBXVariantGroup;
			children = (
				8E0CE0AB13B3625400390D92 /* en */,
				8E0CE0AD13B3625A00390D92 /* de */,
			);
			name = Localizable.strings;
			path = Resources;
			sourceTree = "<group>";
		};
		8E0CE0C013B3665000390D92 /* MainMenu.xib */ = {
			isa = PBXVariantGroup;
			children = (
				8E0CE0BF13B3665000390D92 /* en */,
				8E0CE0C113B3665700390D92 /* de */,
			);
			name = MainMenu.xib;
			path = Resources;
			sourceTree = "<group>";
		};
		8E0CE0C413B3671400390D92 /* InfoPlist.strings */ = {
			isa = PBXVariantGroup;
			children = (
				8E0CE0C313B3671400390D92 /* en */,
				8E0CE0C513B3672900390D92 /* de */,
			);
			name = InfoPlist.strings;
			path = Resources;
			sourceTree = "<group>";
		};
		8E0CE0C813B3674200390D92 /* PrivateKeyChooserWindow.xib */ = {
			isa = PBXVariantGroup;
			children = (
				8E0CE0C713B3674200390D92 /* en */,
				8E0CE0C913B3675300390D92 /* de */,
			);
			name = PrivateKeyChooserWindow.xib;
			path = Resources;
			sourceTree = "<group>";
		};
		8E0CE0CC13B3677700390D92 /* RecipientWindow.xib */ = {
			isa = PBXVariantGroup;
			children = (
				8E0CE0CB13B3677700390D92 /* en */,
				8E0CE0CD13B3678000390D92 /* de */,
			);
			name = RecipientWindow.xib;
			path = Resources;
			sourceTree = "<group>";
		};
		8E0CE0D013B367AE00390D92 /* VerificationResultsWindow.xib */ = {
			isa = PBXVariantGroup;
			children = (
				8E0CE0CF13B367AE00390D92 /* en */,
				8E0CE0D113B367B900390D92 /* de */,
			);
			name = VerificationResultsWindow.xib;
			path = Resources;
			sourceTree = "<group>";
		};
		8E49AF6613CDD5A5005600B6 /* VerificationResultsWindow.xib.strings */ = {
			isa = PBXVariantGroup;
			children = (
				8E49AF6713CDD5A5005600B6 /* en */,
				8E49AF6A13CDD5EA005600B6 /* de */,
			);
			name = VerificationResultsWindow.xib.strings;
			sourceTree = "<group>";
		};
		8ED2C28913CDD8A000638F65 /* MainMenu.xib.strings */ = {
			isa = PBXVariantGroup;
			children = (
				8ED2C28A13CDD8A000638F65 /* en */,
				8ED2C29213CDD8AF00638F65 /* de */,
			);
			name = MainMenu.xib.strings;
			sourceTree = "<group>";
		};
		8ED2C28B13CDD8A000638F65 /* PrivateKeyChooserWindow.xib.strings */ = {
			isa = PBXVariantGroup;
			children = (
				8ED2C28C13CDD8A000638F65 /* en */,
				8ED2C29313CDD8B900638F65 /* de */,
			);
			name = PrivateKeyChooserWindow.xib.strings;
			sourceTree = "<group>";
		};
		8ED2C28D13CDD8A000638F65 /* RecipientWindow.xib.strings */ = {
			isa = PBXVariantGroup;
			children = (
				8ED2C28E13CDD8A000638F65 /* en */,
				8ED2C29413CDD8BC00638F65 /* de */,
			);
			name = RecipientWindow.xib.strings;
			sourceTree = "<group>";
		};
/* End PBXVariantGroup section */

/* Begin XCBuildConfiguration section */
		C01FCF4B08A954540054247B /* Debug */ = {
			isa = XCBuildConfiguration;
			buildSettings = {
				COPY_PHASE_STRIP = NO;
				FRAMEWORK_SEARCH_PATHS = (
					"$(SRCROOT)/Dependencies/MacGPGME/build/Debug",
					"$(SRCROOT)/Dependencies/zipkit/build/Debug",
					"$(FRAMEWORK_SEARCH_PATHS)",
					"$(FRAMEWORK_SEARCH_PATHS_QUOTED_FOR_TARGET_1)",
					"$(FRAMEWORK_SEARCH_PATHS_QUOTED_FOR_TARGET_2)",
					"$(FRAMEWORK_SEARCH_PATHS_QUOTED_FOR_TARGET_3)",
				);
				FRAMEWORK_SEARCH_PATHS_QUOTED_FOR_TARGET_1 = "\"$(SRCROOT)/Frameworks\"";
				FRAMEWORK_SEARCH_PATHS_QUOTED_FOR_TARGET_2 = "\"$(SRCROOT)/Dependencies/zipkit/build/$CONFIGURATION\"";
				FRAMEWORK_SEARCH_PATHS_QUOTED_FOR_TARGET_3 = "\"$(SRCROOT)/Dependencies/MacGPGME/build/$CONFIGURATION\"";
				GCC_DYNAMIC_NO_PIC = NO;
				GCC_ENABLE_FIX_AND_CONTINUE = YES;
				GCC_MODEL_TUNING = G5;
				GCC_OPTIMIZATION_LEVEL = 0;
				GCC_PREFIX_HEADER = Source/GPGServices_Prefix.pch;
				INFOPLIST_FILE = Resources/Info.plist;
				INSTALL_PATH = "$(HOME)/Applications";
				PRODUCT_NAME = GPGServices;
				RUN_CLANG_STATIC_ANALYZER = YES;
				WRAPPER_EXTENSION = service;
				ZERO_LINK = YES;
			};
			name = Debug;
		};
		C01FCF4C08A954540054247B /* Release */ = {
			isa = XCBuildConfiguration;
			buildSettings = {
				FRAMEWORK_SEARCH_PATHS = (
					"$(SRCROOT)/Dependencies/MacGPGME/build/Release",
					"$(SRCROOT)/Dependencies/zipkit/build/Release",
					"$(FRAMEWORK_SEARCH_PATHS)",
					"$(FRAMEWORK_SEARCH_PATHS_QUOTED_FOR_TARGET_1)",
					"$(FRAMEWORK_SEARCH_PATHS_QUOTED_FOR_TARGET_2)",
					"$(FRAMEWORK_SEARCH_PATHS_QUOTED_FOR_TARGET_3)",
				);
				FRAMEWORK_SEARCH_PATHS_QUOTED_FOR_TARGET_1 = "\"$(SRCROOT)/Frameworks\"";
				FRAMEWORK_SEARCH_PATHS_QUOTED_FOR_TARGET_2 = "\"$(SRCROOT)/Dependencies/zipkit/build/$CONFIGURATION\"";
				FRAMEWORK_SEARCH_PATHS_QUOTED_FOR_TARGET_3 = "\"$(SRCROOT)/Dependencies/MacGPGME/build/$CONFIGURATION\"";
				GCC_GENERATE_DEBUGGING_SYMBOLS = NO;
				GCC_MODEL_TUNING = G5;
				GCC_PREFIX_HEADER = Source/GPGServices_Prefix.pch;
				INFOPLIST_FILE = Resources/Info.plist;
				INSTALL_PATH = /Library/Services;
				LD_RUNPATH_SEARCH_PATHS = "@loader_path/../";
				PRODUCT_NAME = GPGServices;
				WRAPPER_EXTENSION = service;
			};
			name = Release;
		};
		C01FCF4F08A954540054247B /* Debug */ = {
			isa = XCBuildConfiguration;
			buildSettings = {
				ARCHS = (
					i386,
					x86_64,
				);
				GCC_PRECOMPILE_PREFIX_HEADER = YES;
				GCC_WARN_ABOUT_RETURN_TYPE = YES;
				GCC_WARN_UNUSED_VARIABLE = YES;
				ONLY_ACTIVE_ARCH = YES;
				PREBINDING = NO;
				SDKROOT = "$(DEVELOPER_SDK_DIR)/MacOSX10.6.sdk";
			};
			name = Debug;
		};
		C01FCF5008A954540054247B /* Release */ = {
			isa = XCBuildConfiguration;
			buildSettings = {
				ARCHS = (
					i386,
					x86_64,
				);
				GCC_PRECOMPILE_PREFIX_HEADER = YES;
				GCC_WARN_ABOUT_RETURN_TYPE = YES;
				GCC_WARN_UNUSED_VARIABLE = YES;
				PREBINDING = NO;
				SDKROOT = "$(DEVELOPER_SDK_DIR)/MacOSX10.6.sdk";
			};
			name = Release;
		};
/* End XCBuildConfiguration section */

/* Begin XCConfigurationList section */
		C01FCF4A08A954540054247B /* Build configuration list for PBXNativeTarget "GPGServices" */ = {
			isa = XCConfigurationList;
			buildConfigurations = (
				C01FCF4B08A954540054247B /* Debug */,
				C01FCF4C08A954540054247B /* Release */,
			);
			defaultConfigurationIsVisible = 0;
			defaultConfigurationName = Release;
		};
		C01FCF4E08A954540054247B /* Build configuration list for PBXProject "GPGServices" */ = {
			isa = XCConfigurationList;
			buildConfigurations = (
				C01FCF4F08A954540054247B /* Debug */,
				C01FCF5008A954540054247B /* Release */,
			);
			defaultConfigurationIsVisible = 0;
			defaultConfigurationName = Release;
		};
/* End XCConfigurationList section */
	};
	rootObject = 29B97313FDCFA39411CA2CEA /* Project object */;
}
